// !$*UTF8*$!
{
	archiveVersion = 1;
	classes = {
	};
	objectVersion = 46;
	objects = {

/* Begin PBXBuildFile section */
		5616829118D26C0200120CE4 /* Foundation.framework in Frameworks */ = {isa = PBXBuildFile; fileRef = 5616829018D26C0200120CE4 /* Foundation.framework */; };
		5616829318D26C0200120CE4 /* CoreGraphics.framework in Frameworks */ = {isa = PBXBuildFile; fileRef = 5616829218D26C0200120CE4 /* CoreGraphics.framework */; };
		5616829518D26C0200120CE4 /* UIKit.framework in Frameworks */ = {isa = PBXBuildFile; fileRef = 5616829418D26C0200120CE4 /* UIKit.framework */; };
		5616829B18D26C0200120CE4 /* InfoPlist.strings in Resources */ = {isa = PBXBuildFile; fileRef = 5616829918D26C0200120CE4 /* InfoPlist.strings */; };
		5616829D18D26C0200120CE4 /* main.m in Sources */ = {isa = PBXBuildFile; fileRef = 5616829C18D26C0200120CE4 /* main.m */; };
		561682A118D26C0200120CE4 /* AppDelegate.m in Sources */ = {isa = PBXBuildFile; fileRef = 561682A018D26C0200120CE4 /* AppDelegate.m */; };
		561682A318D26C0200120CE4 /* Images.xcassets in Resources */ = {isa = PBXBuildFile; fileRef = 561682A218D26C0200120CE4 /* Images.xcassets */; };
		561682AA18D26C0200120CE4 /* XCTest.framework in Frameworks */ = {isa = PBXBuildFile; fileRef = 561682A918D26C0200120CE4 /* XCTest.framework */; };
		561682AB18D26C0200120CE4 /* Foundation.framework in Frameworks */ = {isa = PBXBuildFile; fileRef = 5616829018D26C0200120CE4 /* Foundation.framework */; };
		561682AC18D26C0200120CE4 /* UIKit.framework in Frameworks */ = {isa = PBXBuildFile; fileRef = 5616829418D26C0200120CE4 /* UIKit.framework */; };
		561682B418D26C0200120CE4 /* InfoPlist.strings in Resources */ = {isa = PBXBuildFile; fileRef = 561682B218D26C0200120CE4 /* InfoPlist.strings */; };
		561682B618D26C0200120CE4 /* SyndicationExampleAppTests.m in Sources */ = {isa = PBXBuildFile; fileRef = 561682B518D26C0200120CE4 /* SyndicationExampleAppTests.m */; };
		5645959218E4C6F800393C86 /* libSyndication.a in Frameworks */ = {isa = PBXBuildFile; fileRef = 5645958F18E4C64300393C86 /* libSyndication.a */; };
		565C9F8C18DA0AC200580420 /* MobileCoreServices.framework in Frameworks */ = {isa = PBXBuildFile; fileRef = 565C9F8B18DA0AC200580420 /* MobileCoreServices.framework */; };
		565C9F9118DA0ACA00580420 /* CFNetwork.framework in Frameworks */ = {isa = PBXBuildFile; fileRef = 565C9F9018DA0ACA00580420 /* CFNetwork.framework */; };
		565C9F9318DA0AD200580420 /* CoreData.framework in Frameworks */ = {isa = PBXBuildFile; fileRef = 565C9F9218DA0AD200580420 /* CoreData.framework */; };
		565C9F9518DA0AD800580420 /* Security.framework in Frameworks */ = {isa = PBXBuildFile; fileRef = 565C9F9418DA0AD800580420 /* Security.framework */; };
		565C9FDC18DA10F500580420 /* SystemConfiguration.framework in Frameworks */ = {isa = PBXBuildFile; fileRef = 565C9FDB18DA10F500580420 /* SystemConfiguration.framework */; };
/* End PBXBuildFile section */

/* Begin PBXContainerItemProxy section */
		561682AD18D26C0200120CE4 /* PBXContainerItemProxy */ = {
			isa = PBXContainerItemProxy;
			containerPortal = 5616828518D26C0200120CE4 /* Project object */;
			proxyType = 1;
			remoteGlobalIDString = 5616828C18D26C0200120CE4;
			remoteInfo = SyndicationExampleApp;
		};
		5645958E18E4C64300393C86 /* PBXContainerItemProxy */ = {
			isa = PBXContainerItemProxy;
			containerPortal = 5645958618E4C64300393C86 /* Syndication.xcodeproj */;
			proxyType = 2;
			remoteGlobalIDString = 5616824818D2682400120CE4;
			remoteInfo = Syndication;
		};
		5645959018E4C64300393C86 /* PBXContainerItemProxy */ = {
			isa = PBXContainerItemProxy;
			containerPortal = 5645958618E4C64300393C86 /* Syndication.xcodeproj */;
			proxyType = 2;
			remoteGlobalIDString = 5616825818D2682400120CE4;
			remoteInfo = SyndicationTests;
		};
/* End PBXContainerItemProxy section */

/* Begin PBXFileReference section */
		5616828D18D26C0200120CE4 /* SyndicationExampleApp.app */ = {isa = PBXFileReference; explicitFileType = wrapper.application; includeInIndex = 0; path = SyndicationExampleApp.app; sourceTree = BUILT_PRODUCTS_DIR; };
		5616829018D26C0200120CE4 /* Foundation.framework */ = {isa = PBXFileReference; lastKnownFileType = wrapper.framework; name = Foundation.framework; path = System/Library/Frameworks/Foundation.framework; sourceTree = SDKROOT; };
		5616829218D26C0200120CE4 /* CoreGraphics.framework */ = {isa = PBXFileReference; lastKnownFileType = wrapper.framework; name = CoreGraphics.framework; path = System/Library/Frameworks/CoreGraphics.framework; sourceTree = SDKROOT; };
		5616829418D26C0200120CE4 /* UIKit.framework */ = {isa = PBXFileReference; lastKnownFileType = wrapper.framework; name = UIKit.framework; path = System/Library/Frameworks/UIKit.framework; sourceTree = SDKROOT; };
		5616829818D26C0200120CE4 /* SyndicationExampleApp-Info.plist */ = {isa = PBXFileReference; lastKnownFileType = text.plist.xml; path = "SyndicationExampleApp-Info.plist"; sourceTree = "<group>"; };
		5616829A18D26C0200120CE4 /* en */ = {isa = PBXFileReference; lastKnownFileType = text.plist.strings; name = en; path = en.lproj/InfoPlist.strings; sourceTree = "<group>"; };
		5616829C18D26C0200120CE4 /* main.m */ = {isa = PBXFileReference; lastKnownFileType = sourcecode.c.objc; path = main.m; sourceTree = "<group>"; };
		5616829E18D26C0200120CE4 /* SyndicationExampleApp-Prefix.pch */ = {isa = PBXFileReference; lastKnownFileType = sourcecode.c.h; path = "SyndicationExampleApp-Prefix.pch"; sourceTree = "<group>"; };
		5616829F18D26C0200120CE4 /* AppDelegate.h */ = {isa = PBXFileReference; lastKnownFileType = sourcecode.c.h; path = AppDelegate.h; sourceTree = "<group>"; };
		561682A018D26C0200120CE4 /* AppDelegate.m */ = {isa = PBXFileReference; lastKnownFileType = sourcecode.c.objc; path = AppDelegate.m; sourceTree = "<group>"; };
		561682A218D26C0200120CE4 /* Images.xcassets */ = {isa = PBXFileReference; lastKnownFileType = folder.assetcatalog; path = Images.xcassets; sourceTree = "<group>"; };
		561682A818D26C0200120CE4 /* SyndicationExampleAppTests.xctest */ = {isa = PBXFileReference; explicitFileType = wrapper.cfbundle; includeInIndex = 0; path = SyndicationExampleAppTests.xctest; sourceTree = BUILT_PRODUCTS_DIR; };
		561682A918D26C0200120CE4 /* XCTest.framework */ = {isa = PBXFileReference; lastKnownFileType = wrapper.framework; name = XCTest.framework; path = Library/Frameworks/XCTest.framework; sourceTree = DEVELOPER_DIR; };
		561682B118D26C0200120CE4 /* SyndicationExampleAppTests-Info.plist */ = {isa = PBXFileReference; lastKnownFileType = text.plist.xml; path = "SyndicationExampleAppTests-Info.plist"; sourceTree = "<group>"; };
		561682B318D26C0200120CE4 /* en */ = {isa = PBXFileReference; lastKnownFileType = text.plist.strings; name = en; path = en.lproj/InfoPlist.strings; sourceTree = "<group>"; };
		561682B518D26C0200120CE4 /* SyndicationExampleAppTests.m */ = {isa = PBXFileReference; lastKnownFileType = sourcecode.c.objc; path = SyndicationExampleAppTests.m; sourceTree = "<group>"; };
		5645958618E4C64300393C86 /* Syndication.xcodeproj */ = {isa = PBXFileReference; lastKnownFileType = "wrapper.pb-project"; name = Syndication.xcodeproj; path = ../../Syndication.xcodeproj; sourceTree = "<group>"; };
		565C9F8B18DA0AC200580420 /* MobileCoreServices.framework */ = {isa = PBXFileReference; lastKnownFileType = wrapper.framework; name = MobileCoreServices.framework; path = System/Library/Frameworks/MobileCoreServices.framework; sourceTree = SDKROOT; };
		565C9F9018DA0ACA00580420 /* CFNetwork.framework */ = {isa = PBXFileReference; lastKnownFileType = wrapper.framework; name = CFNetwork.framework; path = System/Library/Frameworks/CFNetwork.framework; sourceTree = SDKROOT; };
		565C9F9218DA0AD200580420 /* CoreData.framework */ = {isa = PBXFileReference; lastKnownFileType = wrapper.framework; name = CoreData.framework; path = System/Library/Frameworks/CoreData.framework; sourceTree = SDKROOT; };
		565C9F9418DA0AD800580420 /* Security.framework */ = {isa = PBXFileReference; lastKnownFileType = wrapper.framework; name = Security.framework; path = System/Library/Frameworks/Security.framework; sourceTree = SDKROOT; };
		565C9FDB18DA10F500580420 /* SystemConfiguration.framework */ = {isa = PBXFileReference; lastKnownFileType = wrapper.framework; name = SystemConfiguration.framework; path = System/Library/Frameworks/SystemConfiguration.framework; sourceTree = SDKROOT; };
/* End PBXFileReference section */

/* Begin PBXFrameworksBuildPhase section */
		5616828A18D26C0200120CE4 /* Frameworks */ = {
			isa = PBXFrameworksBuildPhase;
			buildActionMask = 2147483647;
			files = (
				5645959218E4C6F800393C86 /* libSyndication.a in Frameworks */,
				565C9FDC18DA10F500580420 /* SystemConfiguration.framework in Frameworks */,
				565C9F9518DA0AD800580420 /* Security.framework in Frameworks */,
				565C9F9318DA0AD200580420 /* CoreData.framework in Frameworks */,
				565C9F9118DA0ACA00580420 /* CFNetwork.framework in Frameworks */,
				565C9F8C18DA0AC200580420 /* MobileCoreServices.framework in Frameworks */,
				5616829318D26C0200120CE4 /* CoreGraphics.framework in Frameworks */,
				5616829518D26C0200120CE4 /* UIKit.framework in Frameworks */,
				5616829118D26C0200120CE4 /* Foundation.framework in Frameworks */,
			);
			runOnlyForDeploymentPostprocessing = 0;
		};
		561682A518D26C0200120CE4 /* Frameworks */ = {
			isa = PBXFrameworksBuildPhase;
			buildActionMask = 2147483647;
			files = (
				561682AA18D26C0200120CE4 /* XCTest.framework in Frameworks */,
				561682AC18D26C0200120CE4 /* UIKit.framework in Frameworks */,
				561682AB18D26C0200120CE4 /* Foundation.framework in Frameworks */,
			);
			runOnlyForDeploymentPostprocessing = 0;
		};
/* End PBXFrameworksBuildPhase section */

/* Begin PBXGroup section */
		5616828418D26C0200120CE4 = {
			isa = PBXGroup;
			children = (
				5616829618D26C0200120CE4 /* SyndicationExampleApp */,
				561682AF18D26C0200120CE4 /* SyndicationExampleAppTests */,
				5616828F18D26C0200120CE4 /* Frameworks */,
				5616828E18D26C0200120CE4 /* Products */,
			);
			sourceTree = "<group>";
		};
		5616828E18D26C0200120CE4 /* Products */ = {
			isa = PBXGroup;
			children = (
				5616828D18D26C0200120CE4 /* SyndicationExampleApp.app */,
				561682A818D26C0200120CE4 /* SyndicationExampleAppTests.xctest */,
			);
			name = Products;
			sourceTree = "<group>";
		};
		5616828F18D26C0200120CE4 /* Frameworks */ = {
			isa = PBXGroup;
			children = (
				565C9FDB18DA10F500580420 /* SystemConfiguration.framework */,
				565C9F9418DA0AD800580420 /* Security.framework */,
				565C9F9218DA0AD200580420 /* CoreData.framework */,
				565C9F9018DA0ACA00580420 /* CFNetwork.framework */,
				565C9F8B18DA0AC200580420 /* MobileCoreServices.framework */,
				5616829018D26C0200120CE4 /* Foundation.framework */,
				5616829218D26C0200120CE4 /* CoreGraphics.framework */,
				5616829418D26C0200120CE4 /* UIKit.framework */,
				561682A918D26C0200120CE4 /* XCTest.framework */,
			);
			name = Frameworks;
			sourceTree = "<group>";
		};
		5616829618D26C0200120CE4 /* SyndicationExampleApp */ = {
			isa = PBXGroup;
			children = (
				5645958618E4C64300393C86 /* Syndication.xcodeproj */,
				5616829F18D26C0200120CE4 /* AppDelegate.h */,
				561682A018D26C0200120CE4 /* AppDelegate.m */,
				561682A218D26C0200120CE4 /* Images.xcassets */,
				5616829718D26C0200120CE4 /* Supporting Files */,
			);
			path = SyndicationExampleApp;
			sourceTree = "<group>";
		};
		5616829718D26C0200120CE4 /* Supporting Files */ = {
			isa = PBXGroup;
			children = (
				5616829818D26C0200120CE4 /* SyndicationExampleApp-Info.plist */,
				5616829918D26C0200120CE4 /* InfoPlist.strings */,
				5616829C18D26C0200120CE4 /* main.m */,
				5616829E18D26C0200120CE4 /* SyndicationExampleApp-Prefix.pch */,
			);
			name = "Supporting Files";
			sourceTree = "<group>";
		};
		561682AF18D26C0200120CE4 /* SyndicationExampleAppTests */ = {
			isa = PBXGroup;
			children = (
				561682B518D26C0200120CE4 /* SyndicationExampleAppTests.m */,
				561682B018D26C0200120CE4 /* Supporting Files */,
			);
			path = SyndicationExampleAppTests;
			sourceTree = "<group>";
		};
		561682B018D26C0200120CE4 /* Supporting Files */ = {
			isa = PBXGroup;
			children = (
				561682B118D26C0200120CE4 /* SyndicationExampleAppTests-Info.plist */,
				561682B218D26C0200120CE4 /* InfoPlist.strings */,
			);
			name = "Supporting Files";
			sourceTree = "<group>";
		};
		5645958718E4C64300393C86 /* Products */ = {
			isa = PBXGroup;
			children = (
				5645958F18E4C64300393C86 /* libSyndication.a */,
				5645959118E4C64300393C86 /* SyndicationTests.xctest */,
			);
			name = Products;
			sourceTree = "<group>";
		};
/* End PBXGroup section */

/* Begin PBXNativeTarget section */
		5616828C18D26C0200120CE4 /* SyndicationExampleApp */ = {
			isa = PBXNativeTarget;
			buildConfigurationList = 561682B918D26C0200120CE4 /* Build configuration list for PBXNativeTarget "SyndicationExampleApp" */;
			buildPhases = (
				5616828918D26C0200120CE4 /* Sources */,
				5616828A18D26C0200120CE4 /* Frameworks */,
				5616828B18D26C0200120CE4 /* Resources */,
			);
			buildRules = (
			);
			dependencies = (
			);
			name = SyndicationExampleApp;
			productName = SyndicationExampleApp;
			productReference = 5616828D18D26C0200120CE4 /* SyndicationExampleApp.app */;
			productType = "com.apple.product-type.application";
		};
		561682A718D26C0200120CE4 /* SyndicationExampleAppTests */ = {
			isa = PBXNativeTarget;
			buildConfigurationList = 561682BC18D26C0200120CE4 /* Build configuration list for PBXNativeTarget "SyndicationExampleAppTests" */;
			buildPhases = (
				561682A418D26C0200120CE4 /* Sources */,
				561682A518D26C0200120CE4 /* Frameworks */,
				561682A618D26C0200120CE4 /* Resources */,
			);
			buildRules = (
			);
			dependencies = (
				561682AE18D26C0200120CE4 /* PBXTargetDependency */,
			);
			name = SyndicationExampleAppTests;
			productName = SyndicationExampleAppTests;
			productReference = 561682A818D26C0200120CE4 /* SyndicationExampleAppTests.xctest */;
			productType = "com.apple.product-type.bundle.unit-test";
		};
/* End PBXNativeTarget section */

/* Begin PBXProject section */
		5616828518D26C0200120CE4 /* Project object */ = {
			isa = PBXProject;
			attributes = {
				LastUpgradeCheck = 0510;
				ORGANIZATIONNAME = CTAC;
				TargetAttributes = {
					561682A718D26C0200120CE4 = {
						TestTargetID = 5616828C18D26C0200120CE4;
					};
				};
			};
			buildConfigurationList = 5616828818D26C0200120CE4 /* Build configuration list for PBXProject "SyndicationExampleApp" */;
			compatibilityVersion = "Xcode 3.2";
			developmentRegion = English;
			hasScannedForEncodings = 0;
			knownRegions = (
				en,
			);
			mainGroup = 5616828418D26C0200120CE4;
			productRefGroup = 5616828E18D26C0200120CE4 /* Products */;
			projectDirPath = "";
			projectReferences = (
				{
					ProductGroup = 5645958718E4C64300393C86 /* Products */;
					ProjectRef = 5645958618E4C64300393C86 /* Syndication.xcodeproj */;
				},
			);
			projectRoot = "";
			targets = (
				5616828C18D26C0200120CE4 /* SyndicationExampleApp */,
				561682A718D26C0200120CE4 /* SyndicationExampleAppTests */,
			);
		};
/* End PBXProject section */

/* Begin PBXReferenceProxy section */
		5645958F18E4C64300393C86 /* libSyndication.a */ = {
			isa = PBXReferenceProxy;
			fileType = archive.ar;
			path = libSyndication.a;
			remoteRef = 5645958E18E4C64300393C86 /* PBXContainerItemProxy */;
			sourceTree = BUILT_PRODUCTS_DIR;
		};
		5645959118E4C64300393C86 /* SyndicationTests.xctest */ = {
			isa = PBXReferenceProxy;
			fileType = wrapper.cfbundle;
			path = SyndicationTests.xctest;
			remoteRef = 5645959018E4C64300393C86 /* PBXContainerItemProxy */;
			sourceTree = BUILT_PRODUCTS_DIR;
		};
/* End PBXReferenceProxy section */

/* Begin PBXResourcesBuildPhase section */
		5616828B18D26C0200120CE4 /* Resources */ = {
			isa = PBXResourcesBuildPhase;
			buildActionMask = 2147483647;
			files = (
				5616829B18D26C0200120CE4 /* InfoPlist.strings in Resources */,
				561682A318D26C0200120CE4 /* Images.xcassets in Resources */,
			);
			runOnlyForDeploymentPostprocessing = 0;
		};
		561682A618D26C0200120CE4 /* Resources */ = {
			isa = PBXResourcesBuildPhase;
			buildActionMask = 2147483647;
			files = (
				561682B418D26C0200120CE4 /* InfoPlist.strings in Resources */,
			);
			runOnlyForDeploymentPostprocessing = 0;
		};
/* End PBXResourcesBuildPhase section */

/* Begin PBXSourcesBuildPhase section */
		5616828918D26C0200120CE4 /* Sources */ = {
			isa = PBXSourcesBuildPhase;
			buildActionMask = 2147483647;
			files = (
				561682A118D26C0200120CE4 /* AppDelegate.m in Sources */,
				5616829D18D26C0200120CE4 /* main.m in Sources */,
			);
			runOnlyForDeploymentPostprocessing = 0;
		};
		561682A418D26C0200120CE4 /* Sources */ = {
			isa = PBXSourcesBuildPhase;
			buildActionMask = 2147483647;
			files = (
				561682B618D26C0200120CE4 /* SyndicationExampleAppTests.m in Sources */,
			);
			runOnlyForDeploymentPostprocessing = 0;
		};
/* End PBXSourcesBuildPhase section */

/* Begin PBXTargetDependency section */
		561682AE18D26C0200120CE4 /* PBXTargetDependency */ = {
			isa = PBXTargetDependency;
			target = 5616828C18D26C0200120CE4 /* SyndicationExampleApp */;
			targetProxy = 561682AD18D26C0200120CE4 /* PBXContainerItemProxy */;
		};
/* End PBXTargetDependency section */

/* Begin PBXVariantGroup section */
		5616829918D26C0200120CE4 /* InfoPlist.strings */ = {
			isa = PBXVariantGroup;
			children = (
				5616829A18D26C0200120CE4 /* en */,
			);
			name = InfoPlist.strings;
			sourceTree = "<group>";
		};
		561682B218D26C0200120CE4 /* InfoPlist.strings */ = {
			isa = PBXVariantGroup;
			children = (
				561682B318D26C0200120CE4 /* en */,
			);
			name = InfoPlist.strings;
			sourceTree = "<group>";
		};
/* End PBXVariantGroup section */

/* Begin XCBuildConfiguration section */
		561682B718D26C0200120CE4 /* Debug */ = {
			isa = XCBuildConfiguration;
			buildSettings = {
				ALWAYS_SEARCH_USER_PATHS = NO;
				CLANG_CXX_LANGUAGE_STANDARD = "gnu++0x";
				CLANG_CXX_LIBRARY = "libc++";
				CLANG_ENABLE_MODULES = YES;
				CLANG_ENABLE_OBJC_ARC = YES;
				CLANG_WARN_BOOL_CONVERSION = YES;
				CLANG_WARN_CONSTANT_CONVERSION = YES;
				CLANG_WARN_DIRECT_OBJC_ISA_USAGE = YES_ERROR;
				CLANG_WARN_EMPTY_BODY = YES;
				CLANG_WARN_ENUM_CONVERSION = YES;
				CLANG_WARN_INT_CONVERSION = YES;
				CLANG_WARN_OBJC_ROOT_CLASS = YES_ERROR;
				CLANG_WARN__DUPLICATE_METHOD_MATCH = YES;
				"CODE_SIGN_IDENTITY[sdk=iphoneos*]" = "iPhone Developer";
				COPY_PHASE_STRIP = NO;
				GCC_C_LANGUAGE_STANDARD = gnu99;
				GCC_DYNAMIC_NO_PIC = NO;
				GCC_OPTIMIZATION_LEVEL = 0;
				GCC_PREPROCESSOR_DEFINITIONS = (
					"DEBUG=1",
					"$(inherited)",
				);
				GCC_SYMBOLS_PRIVATE_EXTERN = NO;
				GCC_WARN_64_TO_32_BIT_CONVERSION = YES;
				GCC_WARN_ABOUT_RETURN_TYPE = YES_ERROR;
				GCC_WARN_UNDECLARED_SELECTOR = YES;
				GCC_WARN_UNINITIALIZED_AUTOS = YES_AGGRESSIVE;
				GCC_WARN_UNUSED_FUNCTION = YES;
				GCC_WARN_UNUSED_VARIABLE = YES;
				HEADER_SEARCH_PATHS = (
					"$(inherited)",
					/Applications/Xcode.app/Contents/Developer/Toolchains/XcodeDefault.xctoolchain/usr/include,
				);
				IPHONEOS_DEPLOYMENT_TARGET = 7.1;
				ONLY_ACTIVE_ARCH = YES;
				SDKROOT = iphoneos;
				TARGETED_DEVICE_FAMILY = "1,2";
			};
			name = Debug;
		};
		561682B818D26C0200120CE4 /* Release */ = {
			isa = XCBuildConfiguration;
			buildSettings = {
				ALWAYS_SEARCH_USER_PATHS = NO;
				CLANG_CXX_LANGUAGE_STANDARD = "gnu++0x";
				CLANG_CXX_LIBRARY = "libc++";
				CLANG_ENABLE_MODULES = YES;
				CLANG_ENABLE_OBJC_ARC = YES;
				CLANG_WARN_BOOL_CONVERSION = YES;
				CLANG_WARN_CONSTANT_CONVERSION = YES;
				CLANG_WARN_DIRECT_OBJC_ISA_USAGE = YES_ERROR;
				CLANG_WARN_EMPTY_BODY = YES;
				CLANG_WARN_ENUM_CONVERSION = YES;
				CLANG_WARN_INT_CONVERSION = YES;
				CLANG_WARN_OBJC_ROOT_CLASS = YES_ERROR;
				CLANG_WARN__DUPLICATE_METHOD_MATCH = YES;
				"CODE_SIGN_IDENTITY[sdk=iphoneos*]" = "iPhone Developer";
				COPY_PHASE_STRIP = YES;
				ENABLE_NS_ASSERTIONS = NO;
				GCC_C_LANGUAGE_STANDARD = gnu99;
				GCC_WARN_64_TO_32_BIT_CONVERSION = YES;
				GCC_WARN_ABOUT_RETURN_TYPE = YES_ERROR;
				GCC_WARN_UNDECLARED_SELECTOR = YES;
				GCC_WARN_UNINITIALIZED_AUTOS = YES_AGGRESSIVE;
				GCC_WARN_UNUSED_FUNCTION = YES;
				GCC_WARN_UNUSED_VARIABLE = YES;
				HEADER_SEARCH_PATHS = (
					"$(inherited)",
					/Applications/Xcode.app/Contents/Developer/Toolchains/XcodeDefault.xctoolchain/usr/include,
				);
				IPHONEOS_DEPLOYMENT_TARGET = 7.1;
				SDKROOT = iphoneos;
				TARGETED_DEVICE_FAMILY = "1,2";
				VALIDATE_PRODUCT = YES;
			};
			name = Release;
		};
		561682BA18D26C0200120CE4 /* Debug */ = {
			isa = XCBuildConfiguration;
			buildSettings = {
				ASSETCATALOG_COMPILER_APPICON_NAME = AppIcon;
				ASSETCATALOG_COMPILER_LAUNCHIMAGE_NAME = LaunchImage;
				FRAMEWORK_SEARCH_PATHS = (
					"$(inherited)",
					/Users/hitman/Development,
				);
				GCC_PRECOMPILE_PREFIX_HEADER = YES;
				GCC_PREFIX_HEADER = "SyndicationExampleApp/SyndicationExampleApp-Prefix.pch";
				HEADER_SEARCH_PATHS = (
					"$(inherited)",
					/Applications/Xcode.app/Contents/Developer/Toolchains/XcodeDefault.xctoolchain/usr/include,
					..,
				);
				INFOPLIST_FILE = "SyndicationExampleApp/SyndicationExampleApp-Info.plist";
				LIBRARY_SEARCH_PATHS = (
					"$(inherited)",
					"/Users/hitman/Development/Syndication/vendor/RestKit/Build/Products/Debug-iphoneos",
				);
				OTHER_LDFLAGS = (
					"-ObjC",
					"-all_load",
				);
				PRODUCT_NAME = "$(TARGET_NAME)";
				WRAPPER_EXTENSION = app;
			};
			name = Debug;
		};
		561682BB18D26C0200120CE4 /* Release */ = {
			isa = XCBuildConfiguration;
			buildSettings = {
				ASSETCATALOG_COMPILER_APPICON_NAME = AppIcon;
				ASSETCATALOG_COMPILER_LAUNCHIMAGE_NAME = LaunchImage;
				FRAMEWORK_SEARCH_PATHS = (
					"$(inherited)",
					/Users/hitman/Development,
				);
				GCC_PRECOMPILE_PREFIX_HEADER = YES;
				GCC_PREFIX_HEADER = "SyndicationExampleApp/SyndicationExampleApp-Prefix.pch";
				HEADER_SEARCH_PATHS = (
					"$(inherited)",
					/Applications/Xcode.app/Contents/Developer/Toolchains/XcodeDefault.xctoolchain/usr/include,
					..,
				);
				INFOPLIST_FILE = "SyndicationExampleApp/SyndicationExampleApp-Info.plist";
				LIBRARY_SEARCH_PATHS = (
					"$(inherited)",
					"/Users/hitman/Development/Syndication/vendor/RestKit/Build/Products/Debug-iphoneos",
				);
				OTHER_LDFLAGS = (
					"-ObjC",
					"-all_load",
				);
				PRODUCT_NAME = "$(TARGET_NAME)";
				WRAPPER_EXTENSION = app;
			};
			name = Release;
		};
		561682BD18D26C0200120CE4 /* Debug */ = {
			isa = XCBuildConfiguration;
			buildSettings = {
				BUNDLE_LOADER = "$(BUILT_PRODUCTS_DIR)/SyndicationExampleApp.app/SyndicationExampleApp";
				FRAMEWORK_SEARCH_PATHS = (
					"$(SDKROOT)/Developer/Library/Frameworks",
					"$(inherited)",
					"$(DEVELOPER_FRAMEWORKS_DIR)",
				);
				GCC_PRECOMPILE_PREFIX_HEADER = YES;
				GCC_PREFIX_HEADER = "SyndicationExampleApp/SyndicationExampleApp-Prefix.pch";
				GCC_PREPROCESSOR_DEFINITIONS = (
					"DEBUG=1",
					"$(inherited)",
				);
				INFOPLIST_FILE = "SyndicationExampleAppTests/SyndicationExampleAppTests-Info.plist";
				PRODUCT_NAME = "$(TARGET_NAME)";
				TEST_HOST = "$(BUNDLE_LOADER)";
				WRAPPER_EXTENSION = xctest;
			};
			name = Debug;
		};
		561682BE18D26C0200120CE4 /* Release */ = {
			isa = XCBuildConfiguration;
			buildSettings = {
				BUNDLE_LOADER = "$(BUILT_PRODUCTS_DIR)/SyndicationExampleApp.app/SyndicationExampleApp";
				FRAMEWORK_SEARCH_PATHS = (
					"$(SDKROOT)/Developer/Library/Frameworks",
					"$(inherited)",
					"$(DEVELOPER_FRAMEWORKS_DIR)",
				);
				GCC_PRECOMPILE_PREFIX_HEADER = YES;
				GCC_PREFIX_HEADER = "SyndicationExampleApp/SyndicationExampleApp-Prefix.pch";
				INFOPLIST_FILE = "SyndicationExampleAppTests/SyndicationExampleAppTests-Info.plist";
				PRODUCT_NAME = "$(TARGET_NAME)";
				TEST_HOST = "$(BUNDLE_LOADER)";
				WRAPPER_EXTENSION = xctest;
			};
			name = Release;
		};
/* End XCBuildConfiguration section */

/* Begin XCConfigurationList section */
		5616828818D26C0200120CE4 /* Build configuration list for PBXProject "SyndicationExampleApp" */ = {
			isa = XCConfigurationList;
			buildConfigurations = (
				561682B718D26C0200120CE4 /* Debug */,
				561682B818D26C0200120CE4 /* Release */,
			);
			defaultConfigurationIsVisible = 0;
			defaultConfigurationName = Release;
		};
		561682B918D26C0200120CE4 /* Build configuration list for PBXNativeTarget "SyndicationExampleApp" */ = {
			isa = XCConfigurationList;
			buildConfigurations = (
				561682BA18D26C0200120CE4 /* Debug */,
				561682BB18D26C0200120CE4 /* Release */,
			);
			defaultConfigurationIsVisible = 0;
			defaultConfigurationName = Release;
		};
		561682BC18D26C0200120CE4 /* Build configuration list for PBXNativeTarget "SyndicationExampleAppTests" */ = {
			isa = XCConfigurationList;
			buildConfigurations = (
				561682BD18D26C0200120CE4 /* Debug */,
				561682BE18D26C0200120CE4 /* Release */,
			);
			defaultConfigurationIsVisible = 0;
			defaultConfigurationName = Release;
		};
/* End XCConfigurationList section */
	};
	rootObject = 5616828518D26C0200120CE4 /* Project object */;
}
