// !$*UTF8*$!
{
	archiveVersion = 1;
	classes = {
	};
	objectVersion = 46;
	objects = {

/* Begin PBXAggregateTarget section */
		5616827D18D269EE00120CE4 /* Framework */ = {
			isa = PBXAggregateTarget;
			buildConfigurationList = 5616827E18D269EE00120CE4 /* Build configuration list for PBXAggregateTarget "Framework" */;
			buildPhases = (
				5616828318D26A0D00120CE4 /* ShellScript */,
			);
			dependencies = (
				56A95D1E18E5F3500011B636 /* PBXTargetDependency */,
				5616828218D26A0400120CE4 /* PBXTargetDependency */,
			);
			name = Framework;
			productName = Framework;
		};
		5628C56518E49C58007714E7 /* Documentation */ = {
			isa = PBXAggregateTarget;
			buildConfigurationList = 5628C56B18E49C58007714E7 /* Build configuration list for PBXAggregateTarget "Documentation" */;
			buildPhases = (
				5628C56C18E49C6C007714E7 /* ShellScript */,
			);
			dependencies = (
			);
			name = Documentation;
			productName = Documentation;
		};
/* End PBXAggregateTarget section */

/* Begin PBXBuildFile section */
		5616824C18D2682400120CE4 /* Foundation.framework in Frameworks */ = {isa = PBXBuildFile; fileRef = 5616824B18D2682400120CE4 /* Foundation.framework */; };
		5616825A18D2682400120CE4 /* XCTest.framework in Frameworks */ = {isa = PBXBuildFile; fileRef = 5616825918D2682400120CE4 /* XCTest.framework */; };
		5616825B18D2682400120CE4 /* Foundation.framework in Frameworks */ = {isa = PBXBuildFile; fileRef = 5616824B18D2682400120CE4 /* Foundation.framework */; };
		5616825D18D2682400120CE4 /* UIKit.framework in Frameworks */ = {isa = PBXBuildFile; fileRef = 5616825C18D2682400120CE4 /* UIKit.framework */; };
		5616826018D2682400120CE4 /* libSyndication.a in Frameworks */ = {isa = PBXBuildFile; fileRef = 5616824818D2682400120CE4 /* libSyndication.a */; };
		5616826618D2682400120CE4 /* InfoPlist.strings in Resources */ = {isa = PBXBuildFile; fileRef = 5616826418D2682400120CE4 /* InfoPlist.strings */; };
		5616826818D2682400120CE4 /* SyndicationTests.m in Sources */ = {isa = PBXBuildFile; fileRef = 5616826718D2682400120CE4 /* SyndicationTests.m */; };
		5616827918D268A100120CE4 /* Syndication.m in Sources */ = {isa = PBXBuildFile; fileRef = 5616827718D268A100120CE4 /* Syndication.m */; };
		5616827B18D268ED00120CE4 /* Syndication.h in Headers */ = {isa = PBXBuildFile; fileRef = 5616827618D268A100120CE4 /* Syndication.h */; settings = {ATTRIBUTES = (Public, ); }; };
		5628C57918E4AAFE007714E7 /* SynMediaTypeResults.h in Headers */ = {isa = PBXBuildFile; fileRef = 5628C57718E4AAFE007714E7 /* SynMediaTypeResults.h */; settings = {ATTRIBUTES = (Public, ); }; };
		5628C57A18E4AAFE007714E7 /* SynMediaTypeResults.m in Sources */ = {isa = PBXBuildFile; fileRef = 5628C57818E4AAFE007714E7 /* SynMediaTypeResults.m */; };
		5628C57D18E4AB29007714E7 /* SynMediaType.h in Headers */ = {isa = PBXBuildFile; fileRef = 5628C57B18E4AB29007714E7 /* SynMediaType.h */; settings = {ATTRIBUTES = (Public, ); }; };
		5628C57E18E4AB29007714E7 /* SynMediaType.m in Sources */ = {isa = PBXBuildFile; fileRef = 5628C57C18E4AB29007714E7 /* SynMediaType.m */; };
		5645958418E4C10900393C86 /* libRestKit.a in Frameworks */ = {isa = PBXBuildFile; fileRef = 5645957C18E4C05B00393C86 /* libRestKit.a */; };
		5645959E18E50B5E00393C86 /* SynMediaHTML.h in Headers */ = {isa = PBXBuildFile; fileRef = 5645959C18E50B5E00393C86 /* SynMediaHTML.h */; settings = {ATTRIBUTES = (Public, ); }; };
		5645959F18E50B5E00393C86 /* SynMediaHTML.m in Sources */ = {isa = PBXBuildFile; fileRef = 5645959D18E50B5E00393C86 /* SynMediaHTML.m */; };
		564595A418E50D3900393C86 /* SynMedia.h in Headers */ = {isa = PBXBuildFile; fileRef = 564595A218E50D3900393C86 /* SynMedia.h */; settings = {ATTRIBUTES = (Public, ); }; };
		564595A518E50D3900393C86 /* SynMedia.m in Sources */ = {isa = PBXBuildFile; fileRef = 564595A318E50D3900393C86 /* SynMedia.m */; };
		565C9FD018DA109F00580420 /* CFNetwork.framework in Frameworks */ = {isa = PBXBuildFile; fileRef = 565C9FCF18DA109F00580420 /* CFNetwork.framework */; };
		565C9FD518DA10CD00580420 /* CoreData.framework in Frameworks */ = {isa = PBXBuildFile; fileRef = 565C9FD118DA10CD00580420 /* CoreData.framework */; };
		565C9FD618DA10CD00580420 /* MobileCoreServices.framework in Frameworks */ = {isa = PBXBuildFile; fileRef = 565C9FD218DA10CD00580420 /* MobileCoreServices.framework */; };
		565C9FD718DA10CD00580420 /* Security.framework in Frameworks */ = {isa = PBXBuildFile; fileRef = 565C9FD318DA10CD00580420 /* Security.framework */; };
		565C9FD818DA10CD00580420 /* SystemConfiguration.framework in Frameworks */ = {isa = PBXBuildFile; fileRef = 565C9FD418DA10CD00580420 /* SystemConfiguration.framework */; };
		565C9FE318DA152600580420 /* SynResults.h in Headers */ = {isa = PBXBuildFile; fileRef = 565C9FE118DA152600580420 /* SynResults.h */; settings = {ATTRIBUTES = (Public, ); }; };
		565C9FE418DA152600580420 /* SynResults.m in Sources */ = {isa = PBXBuildFile; fileRef = 565C9FE218DA152600580420 /* SynResults.m */; };
		565C9FEA18DA163C00580420 /* SynLanguageResults.h in Headers */ = {isa = PBXBuildFile; fileRef = 565C9FE818DA163C00580420 /* SynLanguageResults.h */; settings = {ATTRIBUTES = (Public, ); }; };
		565C9FEB18DA163C00580420 /* SynLanguageResults.m in Sources */ = {isa = PBXBuildFile; fileRef = 565C9FE918DA163C00580420 /* SynLanguageResults.m */; };
		565C9FED18DA16C000580420 /* SyndicationSDK.h in Headers */ = {isa = PBXBuildFile; fileRef = 565C9FEC18DA169300580420 /* SyndicationSDK.h */; settings = {ATTRIBUTES = (Public, ); }; };
		565C9FF118DA269300580420 /* SynLanguage.h in Headers */ = {isa = PBXBuildFile; fileRef = 565C9FEF18DA269300580420 /* SynLanguage.h */; settings = {ATTRIBUTES = (Public, ); }; };
		565C9FF218DA269300580420 /* SynLanguage.m in Sources */ = {isa = PBXBuildFile; fileRef = 565C9FF018DA269300580420 /* SynLanguage.m */; };
		565C9FF518E46EAB00580420 /* SynPagination.h in Headers */ = {isa = PBXBuildFile; fileRef = 565C9FF318E46EAB00580420 /* SynPagination.h */; settings = {ATTRIBUTES = (Public, ); }; };
		565C9FF618E46EAB00580420 /* SynPagination.m in Sources */ = {isa = PBXBuildFile; fileRef = 565C9FF418E46EAB00580420 /* SynPagination.m */; };
		56A95CC518E5AFA00011B636 /* SynMediaResults.m in Sources */ = {isa = PBXBuildFile; fileRef = 56A95CC318E5AFA00011B636 /* SynMediaResults.m */; };
		56A95CCC18E5B5DF0011B636 /* NSString+Equality.h in Headers */ = {isa = PBXBuildFile; fileRef = 56A95CCA18E5B5DF0011B636 /* NSString+Equality.h */; settings = {ATTRIBUTES = (Public, ); }; };
		56A95CCD18E5B5DF0011B636 /* NSString+Equality.m in Sources */ = {isa = PBXBuildFile; fileRef = 56A95CCB18E5B5DF0011B636 /* NSString+Equality.m */; };
		56A95CD318E5C0950011B636 /* SynMediaImage.h in Headers */ = {isa = PBXBuildFile; fileRef = 56A95CD118E5C0950011B636 /* SynMediaImage.h */; settings = {ATTRIBUTES = (Public, ); }; };
		56A95CD418E5C0950011B636 /* SynMediaImage.m in Sources */ = {isa = PBXBuildFile; fileRef = 56A95CD218E5C0950011B636 /* SynMediaImage.m */; };
		56A95D1618E5ED2F0011B636 /* SynMediaResults.m in Headers */ = {isa = PBXBuildFile; fileRef = 56A95CC318E5AFA00011B636 /* SynMediaResults.m */; };
		56A95D1718E5EE590011B636 /* SynMediaResults.h in Headers */ = {isa = PBXBuildFile; fileRef = 56A95CC218E5AFA00011B636 /* SynMediaResults.h */; settings = {ATTRIBUTES = (Public, ); }; };
		56A95D3218E6017B0011B636 /* SynMediaVideo.h in Headers */ = {isa = PBXBuildFile; fileRef = 56A95D3018E6017B0011B636 /* SynMediaVideo.h */; settings = {ATTRIBUTES = (Public, ); }; };
		56A95D3318E6017B0011B636 /* SynMediaVideo.m in Sources */ = {isa = PBXBuildFile; fileRef = 56A95D3118E6017B0011B636 /* SynMediaVideo.m */; };
		56A95D3A18E621D80011B636 /* SynMediaTags.h in Headers */ = {isa = PBXBuildFile; fileRef = 56A95D3818E621D80011B636 /* SynMediaTags.h */; settings = {ATTRIBUTES = (Public, ); }; };
		56A95D3B18E621D80011B636 /* SynMediaTags.m in Sources */ = {isa = PBXBuildFile; fileRef = 56A95D3918E621D80011B636 /* SynMediaTags.m */; };
		56A95D3E18E8A5780011B636 /* SynMediaAlternateImage.h in Headers */ = {isa = PBXBuildFile; fileRef = 56A95D3C18E8A5780011B636 /* SynMediaAlternateImage.h */; settings = {ATTRIBUTES = (Public, ); }; };
		56A95D3F18E8A5780011B636 /* SynMediaAlternateImage.m in Sources */ = {isa = PBXBuildFile; fileRef = 56A95D3D18E8A5780011B636 /* SynMediaAlternateImage.m */; };
		56A95D6818ECD4F80011B636 /* SynMediaAlternateImageResults.h in Headers */ = {isa = PBXBuildFile; fileRef = 56A95D6618ECD4F80011B636 /* SynMediaAlternateImageResults.h */; settings = {ATTRIBUTES = (Public, ); }; };
		56A95D6918ECD4F80011B636 /* SynMediaAlternateImageResults.m in Sources */ = {isa = PBXBuildFile; fileRef = 56A95D6718ECD4F80011B636 /* SynMediaAlternateImageResults.m */; };
		56A95D7018EDA9230011B636 /* SynMediaEmbed.h in Headers */ = {isa = PBXBuildFile; fileRef = 56A95D6E18EDA9230011B636 /* SynMediaEmbed.h */; settings = {ATTRIBUTES = (Public, ); }; };
		56A95D7118EDA9230011B636 /* SynMediaEmbed.m in Sources */ = {isa = PBXBuildFile; fileRef = 56A95D6F18EDA9230011B636 /* SynMediaEmbed.m */; };
		56A95D7418EDA9BF0011B636 /* SynMediaEmbedResults.h in Headers */ = {isa = PBXBuildFile; fileRef = 56A95D7218EDA9BF0011B636 /* SynMediaEmbedResults.h */; settings = {ATTRIBUTES = (Public, ); }; };
		56A95D7518EDA9BF0011B636 /* SynMediaEmbedResults.m in Sources */ = {isa = PBXBuildFile; fileRef = 56A95D7318EDA9BF0011B636 /* SynMediaEmbedResults.m */; };
		56A95D7918EDB1BE0011B636 /* SynMediaRating.h in Headers */ = {isa = PBXBuildFile; fileRef = 56A95D7718EDB1BE0011B636 /* SynMediaRating.h */; settings = {ATTRIBUTES = (Public, ); }; };
		56A95D7A18EDB1BE0011B636 /* SynMediaRating.m in Sources */ = {isa = PBXBuildFile; fileRef = 56A95D7818EDB1BE0011B636 /* SynMediaRating.m */; };
		56A95D7D18EDB21E0011B636 /* SynMediaRatingResults.h in Headers */ = {isa = PBXBuildFile; fileRef = 56A95D7B18EDB21E0011B636 /* SynMediaRatingResults.h */; settings = {ATTRIBUTES = (Public, ); }; };
		56A95D7E18EDB21E0011B636 /* SynMediaRatingResults.m in Sources */ = {isa = PBXBuildFile; fileRef = 56A95D7C18EDB21E0011B636 /* SynMediaRatingResults.m */; };
		56A95D8318EDC68C0011B636 /* SynCampaign.h in Headers */ = {isa = PBXBuildFile; fileRef = 56A95D8118EDC68C0011B636 /* SynCampaign.h */; settings = {ATTRIBUTES = (Public, ); }; };
		56A95D8418EDC68C0011B636 /* SynCampaign.m in Sources */ = {isa = PBXBuildFile; fileRef = 56A95D8218EDC68C0011B636 /* SynCampaign.m */; };
		56A95D8718EDC7910011B636 /* SynCampaignResults.h in Headers */ = {isa = PBXBuildFile; fileRef = 56A95D8518EDC7910011B636 /* SynCampaignResults.h */; settings = {ATTRIBUTES = (Public, ); }; };
		56A95D8818EDC7910011B636 /* SynCampaignResults.m in Sources */ = {isa = PBXBuildFile; fileRef = 56A95D8618EDC7910011B636 /* SynCampaignResults.m */; };
		56A95D8C18EDCEF40011B636 /* SynSource.h in Headers */ = {isa = PBXBuildFile; fileRef = 56A95D8A18EDCEF40011B636 /* SynSource.h */; settings = {ATTRIBUTES = (Public, ); }; };
		56A95D8D18EDCEF40011B636 /* SynSource.m in Sources */ = {isa = PBXBuildFile; fileRef = 56A95D8B18EDCEF40011B636 /* SynSource.m */; };
		56A95D9018EDCFC00011B636 /* SynSourceResults.h in Headers */ = {isa = PBXBuildFile; fileRef = 56A95D8E18EDCFC00011B636 /* SynSourceResults.h */; settings = {ATTRIBUTES = (Public, ); }; };
		56A95D9118EDCFC00011B636 /* SynSourceResults.m in Sources */ = {isa = PBXBuildFile; fileRef = 56A95D8F18EDCFC00011B636 /* SynSourceResults.m */; };
		56B4EB6218F320BF00A99879 /* SynErrors.h in Headers */ = {isa = PBXBuildFile; fileRef = 56B4EB6018F320BF00A99879 /* SynErrors.h */; settings = {ATTRIBUTES = (Public, ); }; };
		56B4EB6318F320BF00A99879 /* SynErrors.m in Sources */ = {isa = PBXBuildFile; fileRef = 56B4EB6118F320BF00A99879 /* SynErrors.m */; };
/* End PBXBuildFile section */

/* Begin PBXContainerItemProxy section */
		5616825E18D2682400120CE4 /* PBXContainerItemProxy */ = {
			isa = PBXContainerItemProxy;
			containerPortal = 5616824018D2682400120CE4 /* Project object */;
			proxyType = 1;
			remoteGlobalIDString = 5616824718D2682400120CE4;
			remoteInfo = Syndication;
		};
		5616828118D26A0400120CE4 /* PBXContainerItemProxy */ = {
			isa = PBXContainerItemProxy;
			containerPortal = 5616824018D2682400120CE4 /* Project object */;
			proxyType = 1;
			remoteGlobalIDString = 5616824718D2682400120CE4;
			remoteInfo = Syndication;
		};
		5645957B18E4C05B00393C86 /* PBXContainerItemProxy */ = {
			isa = PBXContainerItemProxy;
			containerPortal = 5645957418E4C05A00393C86 /* RestKit.xcodeproj */;
			proxyType = 2;
			remoteGlobalIDString = 25160D1614564E810060A5C5;
			remoteInfo = RestKit;
		};
		5645957D18E4C05B00393C86 /* PBXContainerItemProxy */ = {
			isa = PBXContainerItemProxy;
			containerPortal = 5645957418E4C05A00393C86 /* RestKit.xcodeproj */;
			proxyType = 2;
			remoteGlobalIDString = 25160D2614564E820060A5C5;
			remoteInfo = RestKitTests;
		};
		5645957F18E4C05B00393C86 /* PBXContainerItemProxy */ = {
			isa = PBXContainerItemProxy;
			containerPortal = 5645957418E4C05A00393C86 /* RestKit.xcodeproj */;
			proxyType = 2;
			remoteGlobalIDString = 25160E62145651060060A5C5;
			remoteInfo = RestKitFramework;
		};
		5645958118E4C05B00393C86 /* PBXContainerItemProxy */ = {
			isa = PBXContainerItemProxy;
			containerPortal = 5645957418E4C05A00393C86 /* RestKit.xcodeproj */;
			proxyType = 2;
			remoteGlobalIDString = 25160E78145651060060A5C5;
			remoteInfo = RestKitFrameworkTests;
		};
		56A95D1D18E5F3500011B636 /* PBXContainerItemProxy */ = {
			isa = PBXContainerItemProxy;
			containerPortal = 5645957418E4C05A00393C86 /* RestKit.xcodeproj */;
			proxyType = 1;
			remoteGlobalIDString = 25160D1514564E810060A5C5;
			remoteInfo = RestKit;
		};
/* End PBXContainerItemProxy section */

/* Begin PBXCopyFilesBuildPhase section */
		5616824618D2682400120CE4 /* CopyFiles */ = {
			isa = PBXCopyFilesBuildPhase;
			buildActionMask = 2147483647;
			dstPath = "include/$(PRODUCT_NAME)";
			dstSubfolderSpec = 16;
			files = (
			);
			runOnlyForDeploymentPostprocessing = 0;
		};
/* End PBXCopyFilesBuildPhase section */

/* Begin PBXFileReference section */
		5616824818D2682400120CE4 /* libSyndication.a */ = {isa = PBXFileReference; explicitFileType = archive.ar; includeInIndex = 0; path = libSyndication.a; sourceTree = BUILT_PRODUCTS_DIR; };
		5616824B18D2682400120CE4 /* Foundation.framework */ = {isa = PBXFileReference; lastKnownFileType = wrapper.framework; name = Foundation.framework; path = System/Library/Frameworks/Foundation.framework; sourceTree = SDKROOT; };
		5616824F18D2682400120CE4 /* Syndication-Prefix.pch */ = {isa = PBXFileReference; lastKnownFileType = sourcecode.c.h; path = "Syndication-Prefix.pch"; sourceTree = "<group>"; };
		5616825818D2682400120CE4 /* SyndicationTests.xctest */ = {isa = PBXFileReference; explicitFileType = wrapper.cfbundle; includeInIndex = 0; path = SyndicationTests.xctest; sourceTree = BUILT_PRODUCTS_DIR; };
		5616825918D2682400120CE4 /* XCTest.framework */ = {isa = PBXFileReference; lastKnownFileType = wrapper.framework; name = XCTest.framework; path = Library/Frameworks/XCTest.framework; sourceTree = DEVELOPER_DIR; };
		5616825C18D2682400120CE4 /* UIKit.framework */ = {isa = PBXFileReference; lastKnownFileType = wrapper.framework; name = UIKit.framework; path = Library/Frameworks/UIKit.framework; sourceTree = DEVELOPER_DIR; };
		5616826318D2682400120CE4 /* SyndicationTests-Info.plist */ = {isa = PBXFileReference; lastKnownFileType = text.plist.xml; path = "SyndicationTests-Info.plist"; sourceTree = "<group>"; };
		5616826518D2682400120CE4 /* en */ = {isa = PBXFileReference; lastKnownFileType = text.plist.strings; name = en; path = en.lproj/InfoPlist.strings; sourceTree = "<group>"; };
		5616826718D2682400120CE4 /* SyndicationTests.m */ = {isa = PBXFileReference; lastKnownFileType = sourcecode.c.objc; path = SyndicationTests.m; sourceTree = "<group>"; };
		5616827618D268A100120CE4 /* Syndication.h */ = {isa = PBXFileReference; fileEncoding = 4; lastKnownFileType = sourcecode.c.h; lineEnding = 0; path = Syndication.h; sourceTree = "<group>"; xcLanguageSpecificationIdentifier = xcode.lang.objcpp; };
		5616827718D268A100120CE4 /* Syndication.m */ = {isa = PBXFileReference; fileEncoding = 4; lastKnownFileType = sourcecode.c.objc; lineEnding = 0; path = Syndication.m; sourceTree = "<group>"; xcLanguageSpecificationIdentifier = xcode.lang.objc; };
		5628C57718E4AAFE007714E7 /* SynMediaTypeResults.h */ = {isa = PBXFileReference; fileEncoding = 4; lastKnownFileType = sourcecode.c.h; lineEnding = 0; path = SynMediaTypeResults.h; sourceTree = "<group>"; xcLanguageSpecificationIdentifier = xcode.lang.objcpp; };
		5628C57818E4AAFE007714E7 /* SynMediaTypeResults.m */ = {isa = PBXFileReference; fileEncoding = 4; lastKnownFileType = sourcecode.c.objc; lineEnding = 0; path = SynMediaTypeResults.m; sourceTree = "<group>"; xcLanguageSpecificationIdentifier = xcode.lang.objc; };
		5628C57B18E4AB29007714E7 /* SynMediaType.h */ = {isa = PBXFileReference; fileEncoding = 4; lastKnownFileType = sourcecode.c.h; path = SynMediaType.h; sourceTree = "<group>"; };
		5628C57C18E4AB29007714E7 /* SynMediaType.m */ = {isa = PBXFileReference; fileEncoding = 4; lastKnownFileType = sourcecode.c.objc; path = SynMediaType.m; sourceTree = "<group>"; };
		5645957418E4C05A00393C86 /* RestKit.xcodeproj */ = {isa = PBXFileReference; lastKnownFileType = "wrapper.pb-project"; name = RestKit.xcodeproj; path = vendor/RestKit/RestKit.xcodeproj; sourceTree = "<group>"; };
		5645959C18E50B5E00393C86 /* SynMediaHTML.h */ = {isa = PBXFileReference; fileEncoding = 4; lastKnownFileType = sourcecode.c.h; path = SynMediaHTML.h; sourceTree = "<group>"; };
		5645959D18E50B5E00393C86 /* SynMediaHTML.m */ = {isa = PBXFileReference; fileEncoding = 4; lastKnownFileType = sourcecode.c.objc; path = SynMediaHTML.m; sourceTree = "<group>"; };
		564595A218E50D3900393C86 /* SynMedia.h */ = {isa = PBXFileReference; fileEncoding = 4; lastKnownFileType = sourcecode.c.h; path = SynMedia.h; sourceTree = "<group>"; };
		564595A318E50D3900393C86 /* SynMedia.m */ = {isa = PBXFileReference; fileEncoding = 4; lastKnownFileType = sourcecode.c.objc; path = SynMedia.m; sourceTree = "<group>"; };
		565C9FCF18DA109F00580420 /* CFNetwork.framework */ = {isa = PBXFileReference; lastKnownFileType = wrapper.framework; name = CFNetwork.framework; path = System/Library/Frameworks/CFNetwork.framework; sourceTree = SDKROOT; };
		565C9FD118DA10CD00580420 /* CoreData.framework */ = {isa = PBXFileReference; lastKnownFileType = wrapper.framework; name = CoreData.framework; path = System/Library/Frameworks/CoreData.framework; sourceTree = SDKROOT; };
		565C9FD218DA10CD00580420 /* MobileCoreServices.framework */ = {isa = PBXFileReference; lastKnownFileType = wrapper.framework; name = MobileCoreServices.framework; path = System/Library/Frameworks/MobileCoreServices.framework; sourceTree = SDKROOT; };
		565C9FD318DA10CD00580420 /* Security.framework */ = {isa = PBXFileReference; lastKnownFileType = wrapper.framework; name = Security.framework; path = System/Library/Frameworks/Security.framework; sourceTree = SDKROOT; };
		565C9FD418DA10CD00580420 /* SystemConfiguration.framework */ = {isa = PBXFileReference; lastKnownFileType = wrapper.framework; name = SystemConfiguration.framework; path = System/Library/Frameworks/SystemConfiguration.framework; sourceTree = SDKROOT; };
		565C9FE118DA152600580420 /* SynResults.h */ = {isa = PBXFileReference; fileEncoding = 4; lastKnownFileType = sourcecode.c.h; path = SynResults.h; sourceTree = "<group>"; };
		565C9FE218DA152600580420 /* SynResults.m */ = {isa = PBXFileReference; fileEncoding = 4; lastKnownFileType = sourcecode.c.objc; path = SynResults.m; sourceTree = "<group>"; };
		565C9FE818DA163C00580420 /* SynLanguageResults.h */ = {isa = PBXFileReference; fileEncoding = 4; lastKnownFileType = sourcecode.c.h; lineEnding = 0; path = SynLanguageResults.h; sourceTree = "<group>"; xcLanguageSpecificationIdentifier = xcode.lang.objcpp; };
		565C9FE918DA163C00580420 /* SynLanguageResults.m */ = {isa = PBXFileReference; fileEncoding = 4; lastKnownFileType = sourcecode.c.objc; lineEnding = 0; path = SynLanguageResults.m; sourceTree = "<group>"; xcLanguageSpecificationIdentifier = xcode.lang.objc; };
		565C9FEC18DA169300580420 /* SyndicationSDK.h */ = {isa = PBXFileReference; lastKnownFileType = sourcecode.c.h; lineEnding = 0; path = SyndicationSDK.h; sourceTree = "<group>"; xcLanguageSpecificationIdentifier = xcode.lang.objcpp; };
		565C9FEF18DA269300580420 /* SynLanguage.h */ = {isa = PBXFileReference; fileEncoding = 4; lastKnownFileType = sourcecode.c.h; path = SynLanguage.h; sourceTree = "<group>"; };
		565C9FF018DA269300580420 /* SynLanguage.m */ = {isa = PBXFileReference; fileEncoding = 4; lastKnownFileType = sourcecode.c.objc; path = SynLanguage.m; sourceTree = "<group>"; };
		565C9FF318E46EAB00580420 /* SynPagination.h */ = {isa = PBXFileReference; fileEncoding = 4; lastKnownFileType = sourcecode.c.h; path = SynPagination.h; sourceTree = "<group>"; };
		565C9FF418E46EAB00580420 /* SynPagination.m */ = {isa = PBXFileReference; fileEncoding = 4; lastKnownFileType = sourcecode.c.objc; path = SynPagination.m; sourceTree = "<group>"; };
		56A95CC218E5AFA00011B636 /* SynMediaResults.h */ = {isa = PBXFileReference; fileEncoding = 4; lastKnownFileType = sourcecode.c.h; path = SynMediaResults.h; sourceTree = "<group>"; };
		56A95CC318E5AFA00011B636 /* SynMediaResults.m */ = {isa = PBXFileReference; fileEncoding = 4; lastKnownFileType = sourcecode.c.objc; path = SynMediaResults.m; sourceTree = "<group>"; };
		56A95CCA18E5B5DF0011B636 /* NSString+Equality.h */ = {isa = PBXFileReference; fileEncoding = 4; lastKnownFileType = sourcecode.c.h; path = "NSString+Equality.h"; sourceTree = "<group>"; };
		56A95CCB18E5B5DF0011B636 /* NSString+Equality.m */ = {isa = PBXFileReference; fileEncoding = 4; lastKnownFileType = sourcecode.c.objc; path = "NSString+Equality.m"; sourceTree = "<group>"; };
		56A95CD118E5C0950011B636 /* SynMediaImage.h */ = {isa = PBXFileReference; fileEncoding = 4; lastKnownFileType = sourcecode.c.h; path = SynMediaImage.h; sourceTree = "<group>"; };
		56A95CD218E5C0950011B636 /* SynMediaImage.m */ = {isa = PBXFileReference; fileEncoding = 4; lastKnownFileType = sourcecode.c.objc; path = SynMediaImage.m; sourceTree = "<group>"; };
		56A95D3018E6017B0011B636 /* SynMediaVideo.h */ = {isa = PBXFileReference; fileEncoding = 4; lastKnownFileType = sourcecode.c.h; path = SynMediaVideo.h; sourceTree = "<group>"; };
		56A95D3118E6017B0011B636 /* SynMediaVideo.m */ = {isa = PBXFileReference; fileEncoding = 4; lastKnownFileType = sourcecode.c.objc; path = SynMediaVideo.m; sourceTree = "<group>"; };
		56A95D3818E621D80011B636 /* SynMediaTags.h */ = {isa = PBXFileReference; fileEncoding = 4; lastKnownFileType = sourcecode.c.h; path = SynMediaTags.h; sourceTree = "<group>"; };
		56A95D3918E621D80011B636 /* SynMediaTags.m */ = {isa = PBXFileReference; fileEncoding = 4; lastKnownFileType = sourcecode.c.objc; path = SynMediaTags.m; sourceTree = "<group>"; };
		56A95D3C18E8A5780011B636 /* SynMediaAlternateImage.h */ = {isa = PBXFileReference; fileEncoding = 4; lastKnownFileType = sourcecode.c.h; path = SynMediaAlternateImage.h; sourceTree = "<group>"; };
		56A95D3D18E8A5780011B636 /* SynMediaAlternateImage.m */ = {isa = PBXFileReference; fileEncoding = 4; lastKnownFileType = sourcecode.c.objc; path = SynMediaAlternateImage.m; sourceTree = "<group>"; };
		56A95D6618ECD4F80011B636 /* SynMediaAlternateImageResults.h */ = {isa = PBXFileReference; fileEncoding = 4; lastKnownFileType = sourcecode.c.h; path = SynMediaAlternateImageResults.h; sourceTree = "<group>"; };
		56A95D6718ECD4F80011B636 /* SynMediaAlternateImageResults.m */ = {isa = PBXFileReference; fileEncoding = 4; lastKnownFileType = sourcecode.c.objc; path = SynMediaAlternateImageResults.m; sourceTree = "<group>"; };
		56A95D6E18EDA9230011B636 /* SynMediaEmbed.h */ = {isa = PBXFileReference; fileEncoding = 4; lastKnownFileType = sourcecode.c.h; path = SynMediaEmbed.h; sourceTree = "<group>"; };
		56A95D6F18EDA9230011B636 /* SynMediaEmbed.m */ = {isa = PBXFileReference; fileEncoding = 4; lastKnownFileType = sourcecode.c.objc; path = SynMediaEmbed.m; sourceTree = "<group>"; };
		56A95D7218EDA9BF0011B636 /* SynMediaEmbedResults.h */ = {isa = PBXFileReference; fileEncoding = 4; lastKnownFileType = sourcecode.c.h; path = SynMediaEmbedResults.h; sourceTree = "<group>"; };
		56A95D7318EDA9BF0011B636 /* SynMediaEmbedResults.m */ = {isa = PBXFileReference; fileEncoding = 4; lastKnownFileType = sourcecode.c.objc; path = SynMediaEmbedResults.m; sourceTree = "<group>"; };
		56A95D7718EDB1BE0011B636 /* SynMediaRating.h */ = {isa = PBXFileReference; fileEncoding = 4; lastKnownFileType = sourcecode.c.h; path = SynMediaRating.h; sourceTree = "<group>"; };
		56A95D7818EDB1BE0011B636 /* SynMediaRating.m */ = {isa = PBXFileReference; fileEncoding = 4; lastKnownFileType = sourcecode.c.objc; path = SynMediaRating.m; sourceTree = "<group>"; };
		56A95D7B18EDB21E0011B636 /* SynMediaRatingResults.h */ = {isa = PBXFileReference; fileEncoding = 4; lastKnownFileType = sourcecode.c.h; path = SynMediaRatingResults.h; sourceTree = "<group>"; };
		56A95D7C18EDB21E0011B636 /* SynMediaRatingResults.m */ = {isa = PBXFileReference; fileEncoding = 4; lastKnownFileType = sourcecode.c.objc; path = SynMediaRatingResults.m; sourceTree = "<group>"; };
		56A95D8118EDC68C0011B636 /* SynCampaign.h */ = {isa = PBXFileReference; fileEncoding = 4; lastKnownFileType = sourcecode.c.h; path = SynCampaign.h; sourceTree = "<group>"; };
		56A95D8218EDC68C0011B636 /* SynCampaign.m */ = {isa = PBXFileReference; fileEncoding = 4; lastKnownFileType = sourcecode.c.objc; path = SynCampaign.m; sourceTree = "<group>"; };
		56A95D8518EDC7910011B636 /* SynCampaignResults.h */ = {isa = PBXFileReference; fileEncoding = 4; lastKnownFileType = sourcecode.c.h; path = SynCampaignResults.h; sourceTree = "<group>"; };
		56A95D8618EDC7910011B636 /* SynCampaignResults.m */ = {isa = PBXFileReference; fileEncoding = 4; lastKnownFileType = sourcecode.c.objc; path = SynCampaignResults.m; sourceTree = "<group>"; };
		56A95D8A18EDCEF40011B636 /* SynSource.h */ = {isa = PBXFileReference; fileEncoding = 4; lastKnownFileType = sourcecode.c.h; path = SynSource.h; sourceTree = "<group>"; };
		56A95D8B18EDCEF40011B636 /* SynSource.m */ = {isa = PBXFileReference; fileEncoding = 4; lastKnownFileType = sourcecode.c.objc; path = SynSource.m; sourceTree = "<group>"; };
		56A95D8E18EDCFC00011B636 /* SynSourceResults.h */ = {isa = PBXFileReference; fileEncoding = 4; lastKnownFileType = sourcecode.c.h; path = SynSourceResults.h; sourceTree = "<group>"; };
		56A95D8F18EDCFC00011B636 /* SynSourceResults.m */ = {isa = PBXFileReference; fileEncoding = 4; lastKnownFileType = sourcecode.c.objc; path = SynSourceResults.m; sourceTree = "<group>"; };
		56B4EB6018F320BF00A99879 /* SynErrors.h */ = {isa = PBXFileReference; fileEncoding = 4; lastKnownFileType = sourcecode.c.h; path = SynErrors.h; sourceTree = "<group>"; };
		56B4EB6118F320BF00A99879 /* SynErrors.m */ = {isa = PBXFileReference; fileEncoding = 4; lastKnownFileType = sourcecode.c.objc; path = SynErrors.m; sourceTree = "<group>"; };
/* End PBXFileReference section */

/* Begin PBXFrameworksBuildPhase section */
		5616824518D2682400120CE4 /* Frameworks */ = {
			isa = PBXFrameworksBuildPhase;
			buildActionMask = 2147483647;
			files = (
				5645958418E4C10900393C86 /* libRestKit.a in Frameworks */,
				565C9FD518DA10CD00580420 /* CoreData.framework in Frameworks */,
				565C9FD618DA10CD00580420 /* MobileCoreServices.framework in Frameworks */,
				565C9FD718DA10CD00580420 /* Security.framework in Frameworks */,
				565C9FD818DA10CD00580420 /* SystemConfiguration.framework in Frameworks */,
				565C9FD018DA109F00580420 /* CFNetwork.framework in Frameworks */,
				5616824C18D2682400120CE4 /* Foundation.framework in Frameworks */,
			);
			runOnlyForDeploymentPostprocessing = 0;
		};
		5616825518D2682400120CE4 /* Frameworks */ = {
			isa = PBXFrameworksBuildPhase;
			buildActionMask = 2147483647;
			files = (
				5616825A18D2682400120CE4 /* XCTest.framework in Frameworks */,
				5616825D18D2682400120CE4 /* UIKit.framework in Frameworks */,
				5616825B18D2682400120CE4 /* Foundation.framework in Frameworks */,
				5616826018D2682400120CE4 /* libSyndication.a in Frameworks */,
			);
			runOnlyForDeploymentPostprocessing = 0;
		};
/* End PBXFrameworksBuildPhase section */

/* Begin PBXGroup section */
		5616823F18D2682400120CE4 = {
			isa = PBXGroup;
			children = (
				5616824D18D2682400120CE4 /* Syndication */,
				5616826118D2682400120CE4 /* SyndicationTests */,
				5616824A18D2682400120CE4 /* Frameworks */,
				565C9FB818DA0FB300580420 /* Vendor Projects */,
				5616824918D2682400120CE4 /* Products */,
			);
			sourceTree = "<group>";
		};
		5616824918D2682400120CE4 /* Products */ = {
			isa = PBXGroup;
			children = (
				5616824818D2682400120CE4 /* libSyndication.a */,
				5616825818D2682400120CE4 /* SyndicationTests.xctest */,
			);
			name = Products;
			sourceTree = "<group>";
		};
		5616824A18D2682400120CE4 /* Frameworks */ = {
			isa = PBXGroup;
			children = (
				565C9FD118DA10CD00580420 /* CoreData.framework */,
				565C9FD218DA10CD00580420 /* MobileCoreServices.framework */,
				565C9FD318DA10CD00580420 /* Security.framework */,
				565C9FD418DA10CD00580420 /* SystemConfiguration.framework */,
				565C9FCF18DA109F00580420 /* CFNetwork.framework */,
				5616824B18D2682400120CE4 /* Foundation.framework */,
				5616825918D2682400120CE4 /* XCTest.framework */,
				5616825C18D2682400120CE4 /* UIKit.framework */,
			);
			name = Frameworks;
			sourceTree = "<group>";
		};
		5616824D18D2682400120CE4 /* Syndication */ = {
			isa = PBXGroup;
			children = (
				56A95D8018EDC60C0011B636 /* Syndication Objects */,
				5616827118D2685E00120CE4 /* Public SDK */,
				5616824E18D2682400120CE4 /* Support */,
			);
			path = Syndication;
			sourceTree = "<group>";
		};
		5616824E18D2682400120CE4 /* Support */ = {
			isa = PBXGroup;
			children = (
				5616824F18D2682400120CE4 /* Syndication-Prefix.pch */,
				56A95CCA18E5B5DF0011B636 /* NSString+Equality.h */,
				56A95CCB18E5B5DF0011B636 /* NSString+Equality.m */,
				56B4EB6018F320BF00A99879 /* SynErrors.h */,
				56B4EB6118F320BF00A99879 /* SynErrors.m */,
			);
			name = Support;
			sourceTree = "<group>";
		};
		5616826118D2682400120CE4 /* SyndicationTests */ = {
			isa = PBXGroup;
			children = (
				5616826718D2682400120CE4 /* SyndicationTests.m */,
				5616826218D2682400120CE4 /* Supporting Files */,
			);
			path = SyndicationTests;
			sourceTree = "<group>";
		};
		5616826218D2682400120CE4 /* Supporting Files */ = {
			isa = PBXGroup;
			children = (
				5616826318D2682400120CE4 /* SyndicationTests-Info.plist */,
				5616826418D2682400120CE4 /* InfoPlist.strings */,
			);
			name = "Supporting Files";
			sourceTree = "<group>";
		};
		5616827118D2685E00120CE4 /* Public SDK */ = {
			isa = PBXGroup;
			children = (
				5616827618D268A100120CE4 /* Syndication.h */,
				5616827718D268A100120CE4 /* Syndication.m */,
				565C9FE118DA152600580420 /* SynResults.h */,
				565C9FE218DA152600580420 /* SynResults.m */,
				565C9FEC18DA169300580420 /* SyndicationSDK.h */,
			);
			name = "Public SDK";
			sourceTree = "<group>";
		};
		5628C57618E4AAE2007714E7 /* MediaTypes */ = {
			isa = PBXGroup;
			children = (
				5628C57B18E4AB29007714E7 /* SynMediaType.h */,
				5628C57C18E4AB29007714E7 /* SynMediaType.m */,
				5628C57718E4AAFE007714E7 /* SynMediaTypeResults.h */,
				5628C57818E4AAFE007714E7 /* SynMediaTypeResults.m */,
			);
			name = MediaTypes;
			sourceTree = "<group>";
		};
		5645957518E4C05A00393C86 /* Products */ = {
			isa = PBXGroup;
			children = (
				5645957C18E4C05B00393C86 /* libRestKit.a */,
				5645957E18E4C05B00393C86 /* RestKitTests.octest */,
				5645958018E4C05B00393C86 /* RestKit.framework */,
				5645958218E4C05B00393C86 /* RestKitFrameworkTests.octest */,
			);
			name = Products;
			sourceTree = "<group>";
		};
		5645959518E4D76F00393C86 /* Media */ = {
			isa = PBXGroup;
			children = (
				564595A018E50D1A00393C86 /* Base */,
				56A95CD018E5C05A0011B636 /* Image */,
				5645959B18E50B4400393C86 /* HTML */,
				56A95D2C18E6016A0011B636 /* Video */,
			);
			name = Media;
			sourceTree = "<group>";
		};
		5645959B18E50B4400393C86 /* HTML */ = {
			isa = PBXGroup;
			children = (
				5645959C18E50B5E00393C86 /* SynMediaHTML.h */,
				5645959D18E50B5E00393C86 /* SynMediaHTML.m */,
			);
			name = HTML;
			sourceTree = "<group>";
		};
		564595A018E50D1A00393C86 /* Base */ = {
			isa = PBXGroup;
			children = (
				564595A218E50D3900393C86 /* SynMedia.h */,
				564595A318E50D3900393C86 /* SynMedia.m */,
				56A95D3C18E8A5780011B636 /* SynMediaAlternateImage.h */,
				56A95D3D18E8A5780011B636 /* SynMediaAlternateImage.m */,
				56A95D6618ECD4F80011B636 /* SynMediaAlternateImageResults.h */,
				56A95D6718ECD4F80011B636 /* SynMediaAlternateImageResults.m */,
				56A95D6E18EDA9230011B636 /* SynMediaEmbed.h */,
				56A95D6F18EDA9230011B636 /* SynMediaEmbed.m */,
				56A95D7218EDA9BF0011B636 /* SynMediaEmbedResults.h */,
				56A95D7318EDA9BF0011B636 /* SynMediaEmbedResults.m */,
				56A95D7718EDB1BE0011B636 /* SynMediaRating.h */,
				56A95D7818EDB1BE0011B636 /* SynMediaRating.m */,
				56A95D7B18EDB21E0011B636 /* SynMediaRatingResults.h */,
				56A95D7C18EDB21E0011B636 /* SynMediaRatingResults.m */,
				56A95D3818E621D80011B636 /* SynMediaTags.h */,
				56A95D3918E621D80011B636 /* SynMediaTags.m */,
				56A95CC218E5AFA00011B636 /* SynMediaResults.h */,
				56A95CC318E5AFA00011B636 /* SynMediaResults.m */,
			);
			name = Base;
			sourceTree = "<group>";
		};
		565C9FB818DA0FB300580420 /* Vendor Projects */ = {
			isa = PBXGroup;
			children = (
				5645957418E4C05A00393C86 /* RestKit.xcodeproj */,
			);
			name = "Vendor Projects";
			sourceTree = "<group>";
		};
		565C9FEE18DA255200580420 /* Languages */ = {
			isa = PBXGroup;
			children = (
				565C9FEF18DA269300580420 /* SynLanguage.h */,
				565C9FF018DA269300580420 /* SynLanguage.m */,
				565C9FE818DA163C00580420 /* SynLanguageResults.h */,
				565C9FE918DA163C00580420 /* SynLanguageResults.m */,
			);
			name = Languages;
			sourceTree = "<group>";
		};
		565C9FF718E46F0A00580420 /* Pagination */ = {
			isa = PBXGroup;
			children = (
				565C9FF318E46EAB00580420 /* SynPagination.h */,
				565C9FF418E46EAB00580420 /* SynPagination.m */,
			);
			name = Pagination;
			sourceTree = "<group>";
		};
		56A95CD018E5C05A0011B636 /* Image */ = {
			isa = PBXGroup;
			children = (
				56A95CD118E5C0950011B636 /* SynMediaImage.h */,
				56A95CD218E5C0950011B636 /* SynMediaImage.m */,
			);
			name = Image;
			sourceTree = "<group>";
		};
		56A95D2C18E6016A0011B636 /* Video */ = {
			isa = PBXGroup;
			children = (
				56A95D3018E6017B0011B636 /* SynMediaVideo.h */,
				56A95D3118E6017B0011B636 /* SynMediaVideo.m */,
			);
			name = Video;
			sourceTree = "<group>";
		};
		56A95D7F18EDC6010011B636 /* Campaigns */ = {
			isa = PBXGroup;
			children = (
				56A95D8118EDC68C0011B636 /* SynCampaign.h */,
				56A95D8218EDC68C0011B636 /* SynCampaign.m */,
				56A95D8518EDC7910011B636 /* SynCampaignResults.h */,
				56A95D8618EDC7910011B636 /* SynCampaignResults.m */,
			);
			name = Campaigns;
			sourceTree = "<group>";
		};
		56A95D8018EDC60C0011B636 /* Syndication Objects */ = {
			isa = PBXGroup;
			children = (
				56A95D7F18EDC6010011B636 /* Campaigns */,
				565C9FEE18DA255200580420 /* Languages */,
				5645959518E4D76F00393C86 /* Media */,
				5628C57618E4AAE2007714E7 /* MediaTypes */,
				565C9FF718E46F0A00580420 /* Pagination */,
				56A95D8918EDCE800011B636 /* Sources */,
			);
			name = "Syndication Objects";
			sourceTree = "<group>";
		};
		56A95D8918EDCE800011B636 /* Sources */ = {
			isa = PBXGroup;
			children = (
				56A95D8A18EDCEF40011B636 /* SynSource.h */,
				56A95D8B18EDCEF40011B636 /* SynSource.m */,
				56A95D8E18EDCFC00011B636 /* SynSourceResults.h */,
				56A95D8F18EDCFC00011B636 /* SynSourceResults.m */,
			);
			name = Sources;
			sourceTree = "<group>";
		};
/* End PBXGroup section */

/* Begin PBXHeadersBuildPhase section */
		5616827A18D268E900120CE4 /* Headers */ = {
			isa = PBXHeadersBuildPhase;
			buildActionMask = 2147483647;
			files = (
				565C9FED18DA16C000580420 /* SyndicationSDK.h in Headers */,
				5616827B18D268ED00120CE4 /* Syndication.h in Headers */,
				56A95CCC18E5B5DF0011B636 /* NSString+Equality.h in Headers */,
				565C9FE318DA152600580420 /* SynResults.h in Headers */,
				5628C57918E4AAFE007714E7 /* SynMediaTypeResults.h in Headers */,
				56A95D9018EDCFC00011B636 /* SynSourceResults.h in Headers */,
				565C9FF518E46EAB00580420 /* SynPagination.h in Headers */,
				56B4EB6218F320BF00A99879 /* SynErrors.h in Headers */,
				56A95D3218E6017B0011B636 /* SynMediaVideo.h in Headers */,
				56A95D7018EDA9230011B636 /* SynMediaEmbed.h in Headers */,
				56A95D8C18EDCEF40011B636 /* SynSource.h in Headers */,
				56A95CD318E5C0950011B636 /* SynMediaImage.h in Headers */,
				5628C57D18E4AB29007714E7 /* SynMediaType.h in Headers */,
				565C9FEA18DA163C00580420 /* SynLanguageResults.h in Headers */,
				56A95D8718EDC7910011B636 /* SynCampaignResults.h in Headers */,
				5645959E18E50B5E00393C86 /* SynMediaHTML.h in Headers */,
				56A95D7418EDA9BF0011B636 /* SynMediaEmbedResults.h in Headers */,
				565C9FF118DA269300580420 /* SynLanguage.h in Headers */,
				56A95D8318EDC68C0011B636 /* SynCampaign.h in Headers */,
				56A95D7D18EDB21E0011B636 /* SynMediaRatingResults.h in Headers */,
				56A95D3E18E8A5780011B636 /* SynMediaAlternateImage.h in Headers */,
				56A95D3A18E621D80011B636 /* SynMediaTags.h in Headers */,
				56A95D7918EDB1BE0011B636 /* SynMediaRating.h in Headers */,
				56A95D1718E5EE590011B636 /* SynMediaResults.h in Headers */,
				56A95D6818ECD4F80011B636 /* SynMediaAlternateImageResults.h in Headers */,
				564595A418E50D3900393C86 /* SynMedia.h in Headers */,
				56A95D1618E5ED2F0011B636 /* SynMediaResults.m in Headers */,
			);
			runOnlyForDeploymentPostprocessing = 0;
		};
/* End PBXHeadersBuildPhase section */

/* Begin PBXNativeTarget section */
		5616824718D2682400120CE4 /* Syndication */ = {
			isa = PBXNativeTarget;
			buildConfigurationList = 5616826B18D2682400120CE4 /* Build configuration list for PBXNativeTarget "Syndication" */;
			buildPhases = (
				5616824418D2682400120CE4 /* Sources */,
				5616824518D2682400120CE4 /* Frameworks */,
				5616824618D2682400120CE4 /* CopyFiles */,
				5616827A18D268E900120CE4 /* Headers */,
				5616827C18D269A400120CE4 /* Prepare Framework */,
			);
			buildRules = (
			);
			dependencies = (
			);
			name = Syndication;
			productName = Syndication;
			productReference = 5616824818D2682400120CE4 /* libSyndication.a */;
			productType = "com.apple.product-type.library.static";
		};
		5616825718D2682400120CE4 /* SyndicationTests */ = {
			isa = PBXNativeTarget;
			buildConfigurationList = 5616826E18D2682400120CE4 /* Build configuration list for PBXNativeTarget "SyndicationTests" */;
			buildPhases = (
				5616825418D2682400120CE4 /* Sources */,
				5616825518D2682400120CE4 /* Frameworks */,
				5616825618D2682400120CE4 /* Resources */,
			);
			buildRules = (
			);
			dependencies = (
				5616825F18D2682400120CE4 /* PBXTargetDependency */,
			);
			name = SyndicationTests;
			productName = SyndicationTests;
			productReference = 5616825818D2682400120CE4 /* SyndicationTests.xctest */;
			productType = "com.apple.product-type.bundle.unit-test";
		};
/* End PBXNativeTarget section */

/* Begin PBXProject section */
		5616824018D2682400120CE4 /* Project object */ = {
			isa = PBXProject;
			attributes = {
				LastUpgradeCheck = 0510;
				ORGANIZATIONNAME = CTAC;
			};
			buildConfigurationList = 5616824318D2682400120CE4 /* Build configuration list for PBXProject "Syndication" */;
			compatibilityVersion = "Xcode 3.2";
			developmentRegion = English;
			hasScannedForEncodings = 0;
			knownRegions = (
				en,
			);
			mainGroup = 5616823F18D2682400120CE4;
			productRefGroup = 5616824918D2682400120CE4 /* Products */;
			projectDirPath = "";
			projectReferences = (
				{
					ProductGroup = 5645957518E4C05A00393C86 /* Products */;
					ProjectRef = 5645957418E4C05A00393C86 /* RestKit.xcodeproj */;
				},
			);
			projectRoot = "";
			targets = (
				5616824718D2682400120CE4 /* Syndication */,
				5616825718D2682400120CE4 /* SyndicationTests */,
				5616827D18D269EE00120CE4 /* Framework */,
				5628C56518E49C58007714E7 /* Documentation */,
			);
		};
/* End PBXProject section */

/* Begin PBXReferenceProxy section */
		5645957C18E4C05B00393C86 /* libRestKit.a */ = {
			isa = PBXReferenceProxy;
			fileType = archive.ar;
			path = libRestKit.a;
			remoteRef = 5645957B18E4C05B00393C86 /* PBXContainerItemProxy */;
			sourceTree = BUILT_PRODUCTS_DIR;
		};
		5645957E18E4C05B00393C86 /* RestKitTests.octest */ = {
			isa = PBXReferenceProxy;
			fileType = wrapper.cfbundle;
			path = RestKitTests.octest;
			remoteRef = 5645957D18E4C05B00393C86 /* PBXContainerItemProxy */;
			sourceTree = BUILT_PRODUCTS_DIR;
		};
		5645958018E4C05B00393C86 /* RestKit.framework */ = {
			isa = PBXReferenceProxy;
			fileType = wrapper.framework;
			path = RestKit.framework;
			remoteRef = 5645957F18E4C05B00393C86 /* PBXContainerItemProxy */;
			sourceTree = BUILT_PRODUCTS_DIR;
		};
		5645958218E4C05B00393C86 /* RestKitFrameworkTests.octest */ = {
			isa = PBXReferenceProxy;
			fileType = wrapper.cfbundle;
			path = RestKitFrameworkTests.octest;
			remoteRef = 5645958118E4C05B00393C86 /* PBXContainerItemProxy */;
			sourceTree = BUILT_PRODUCTS_DIR;
		};
/* End PBXReferenceProxy section */

/* Begin PBXResourcesBuildPhase section */
		5616825618D2682400120CE4 /* Resources */ = {
			isa = PBXResourcesBuildPhase;
			buildActionMask = 2147483647;
			files = (
				5616826618D2682400120CE4 /* InfoPlist.strings in Resources */,
			);
			runOnlyForDeploymentPostprocessing = 0;
		};
/* End PBXResourcesBuildPhase section */

/* Begin PBXShellScriptBuildPhase section */
		5616827C18D269A400120CE4 /* Prepare Framework */ = {
			isa = PBXShellScriptBuildPhase;
			buildActionMask = 2147483647;
			files = (
			);
			inputPaths = (
			);
			name = "Prepare Framework";
			outputPaths = (
			);
			runOnlyForDeploymentPostprocessing = 0;
			shellPath = /bin/sh;
			shellScript = "set -e\n\nmkdir -p \"${BUILT_PRODUCTS_DIR}/${PRODUCT_NAME}.framework/Versions/A/Headers\"\n\n# Link the \"Current\" version to \"A\"\n/bin/ln -sfh A \"${BUILT_PRODUCTS_DIR}/${PRODUCT_NAME}.framework/Versions/Current\"\n/bin/ln -sfh Versions/Current/Headers \"${BUILT_PRODUCTS_DIR}/${PRODUCT_NAME}.framework/Headers\"\n/bin/ln -sfh \"Versions/Current/${PRODUCT_NAME}\" \"${BUILT_PRODUCTS_DIR}/${PRODUCT_NAME}.framework/${PRODUCT_NAME}\"\n\n# The -a ensures that the headers maintain the source modification date so that we don't constantly\n# cause propagating rebuilds of files that import these headers.\n/bin/cp -a \"${TARGET_BUILD_DIR}/${PUBLIC_HEADERS_FOLDER_PATH}/\" \"${BUILT_PRODUCTS_DIR}/${PRODUCT_NAME}.framework/Versions/A/Headers\"\n";
		};
		5616828318D26A0D00120CE4 /* ShellScript */ = {
			isa = PBXShellScriptBuildPhase;
			buildActionMask = 2147483647;
			files = (
			);
			inputPaths = (
			);
			outputPaths = (
			);
			runOnlyForDeploymentPostprocessing = 0;
			shellPath = /bin/sh;
			shellScript = "set -e\nset +u\n# Avoid recursively calling this script.\nif [[ $SF_MASTER_SCRIPT_RUNNING ]]\nthen\n    exit 0\nfi\nset -u\nexport SF_MASTER_SCRIPT_RUNNING=1\n\nSF_TARGET_NAME=${PROJECT_NAME}\nSF_EXECUTABLE_PATH=\"lib${SF_TARGET_NAME}.a\"\nSF_WRAPPER_NAME=\"${SF_TARGET_NAME}.framework\"\n\n# The following conditionals come from\n# https://github.com/kstenerud/iOS-Universal-Framework\n\nif [[ \"$SDK_NAME\" =~ ([A-Za-z]+) ]]\nthen\n    SF_SDK_PLATFORM=${BASH_REMATCH[1]}\nelse\n    echo \"Could not find platform name from SDK_NAME: $SDK_NAME\"\nexit 1\nfi\n\nif [[ \"$SDK_NAME\" =~ ([0-9]+.*$) ]]\nthen\n    SF_SDK_VERSION=${BASH_REMATCH[1]}\nelse\n    echo \"Could not find sdk version from SDK_NAME: $SDK_NAME\"\nexit 1\nfi\n\nif [[ \"$SF_SDK_PLATFORM\" = \"iphoneos\" ]]\nthen\n    SF_OTHER_PLATFORM=iphonesimulator\nelse\n    SF_OTHER_PLATFORM=iphoneos\nfi\n\nif [[ \"$BUILT_PRODUCTS_DIR\" =~ (.*)$SF_SDK_PLATFORM$ ]]\nthen\n    SF_OTHER_BUILT_PRODUCTS_DIR=\"${BASH_REMATCH[1]}${SF_OTHER_PLATFORM}\"\nelse\n    echo \"Could not find platform name from build products directory: $BUILT_PRODUCTS_DIR\"\nexit 1\nfi\n\n# Build the other platform.\nxcrun xcodebuild -project \"${PROJECT_FILE_PATH}\" -target \"${TARGET_NAME}\" -configuration \"${CONFIGURATION}\" -sdk ${SF_OTHER_PLATFORM}${SF_SDK_VERSION} BUILD_DIR=\"${BUILD_DIR}\" OBJROOT=\"${OBJROOT}\" BUILD_ROOT=\"${BUILD_ROOT}\" SYMROOT=\"${SYMROOT}\" $ACTION\n\n# Smash the two static libraries into one fat binary and store it in the .framework\nxcrun lipo -create \"${BUILT_PRODUCTS_DIR}/${SF_EXECUTABLE_PATH}\" \"${SF_OTHER_BUILT_PRODUCTS_DIR}/${SF_EXECUTABLE_PATH}\" -output \"${BUILT_PRODUCTS_DIR}/${SF_WRAPPER_NAME}/Versions/A/${SF_TARGET_NAME}\"\n\n# Copy the binary to the other architecture folder to have a complete framework in both.\ncp -a \"${BUILT_PRODUCTS_DIR}/${SF_WRAPPER_NAME}/Versions/A/${SF_TARGET_NAME}\" \"${SF_OTHER_BUILT_PRODUCTS_DIR}/${SF_WRAPPER_NAME}/Versions/A/${SF_TARGET_NAME}\"\n";
		};
		5628C56C18E49C6C007714E7 /* ShellScript */ = {
			isa = PBXShellScriptBuildPhase;
			buildActionMask = 2147483647;
			files = (
			);
			inputPaths = (
			);
			outputPaths = (
			);
			runOnlyForDeploymentPostprocessing = 0;
			shellPath = /bin/sh;
			shellScript = "#appledoc Xcode script\n# Start constants\ncompany=\"CTAC\";\ncompanyID=\"com.ctacorp\";\ncompanyURL=\"http://ctacorp.com\";\ntarget=\"iphoneos\";\n#target=\"macosx\";\noutputPath=\"${PROJECT_DIR}/Documentation\";\n# End constants\n/usr/local/bin/appledoc \\\n--project-name \"${PROJECT_NAME}\" \\\n--project-company \"${company}\" \\\n--company-id \"${companyID}\" \\\n--docset-atom-filename \"${company}.atom\" \\\n--docset-feed-url \"${companyURL}/${company}/%DOCSETATOMFILENAME\" \\\n--docset-package-url \"${companyURL}/${company}/%DOCSETPACKAGEFILENAME\" \\\n--docset-fallback-url \"${companyURL}/${company}\" \\\n--output \"${outputPath}\" \\\n--publish-docset \\\n--docset-platform-family \"${target}\" \\\n--logformat xcode \\\n--keep-intermediate-files \\\n--no-repeat-first-par \\\n--no-warn-invalid-crossref \\\n--exit-threshold 2 \\\n\"${PROJECT_DIR}/Syndication\"";
		};
/* End PBXShellScriptBuildPhase section */

/* Begin PBXSourcesBuildPhase section */
		5616824418D2682400120CE4 /* Sources */ = {
			isa = PBXSourcesBuildPhase;
			buildActionMask = 2147483647;
			files = (
				56A95D3F18E8A5780011B636 /* SynMediaAlternateImage.m in Sources */,
				56A95D8D18EDCEF40011B636 /* SynSource.m in Sources */,
				56A95CD418E5C0950011B636 /* SynMediaImage.m in Sources */,
				56A95D7518EDA9BF0011B636 /* SynMediaEmbedResults.m in Sources */,
				5645959F18E50B5E00393C86 /* SynMediaHTML.m in Sources */,
				56A95D9118EDCFC00011B636 /* SynSourceResults.m in Sources */,
				56A95D3B18E621D80011B636 /* SynMediaTags.m in Sources */,
				5628C57E18E4AB29007714E7 /* SynMediaType.m in Sources */,
				56A95D8818EDC7910011B636 /* SynCampaignResults.m in Sources */,
				56A95D3318E6017B0011B636 /* SynMediaVideo.m in Sources */,
				5616827918D268A100120CE4 /* Syndication.m in Sources */,
				56A95D8418EDC68C0011B636 /* SynCampaign.m in Sources */,
				56A95D7118EDA9230011B636 /* SynMediaEmbed.m in Sources */,
				565C9FEB18DA163C00580420 /* SynLanguageResults.m in Sources */,
				56A95D6918ECD4F80011B636 /* SynMediaAlternateImageResults.m in Sources */,
				56A95CC518E5AFA00011B636 /* SynMediaResults.m in Sources */,
				564595A518E50D3900393C86 /* SynMedia.m in Sources */,
				56A95D7E18EDB21E0011B636 /* SynMediaRatingResults.m in Sources */,
				565C9FE418DA152600580420 /* SynResults.m in Sources */,
				56A95CCD18E5B5DF0011B636 /* NSString+Equality.m in Sources */,
				5628C57A18E4AAFE007714E7 /* SynMediaTypeResults.m in Sources */,
				56B4EB6318F320BF00A99879 /* SynErrors.m in Sources */,
				565C9FF618E46EAB00580420 /* SynPagination.m in Sources */,
				56A95D7A18EDB1BE0011B636 /* SynMediaRating.m in Sources */,
				565C9FF218DA269300580420 /* SynLanguage.m in Sources */,
			);
			runOnlyForDeploymentPostprocessing = 0;
		};
		5616825418D2682400120CE4 /* Sources */ = {
			isa = PBXSourcesBuildPhase;
			buildActionMask = 2147483647;
			files = (
				5616826818D2682400120CE4 /* SyndicationTests.m in Sources */,
			);
			runOnlyForDeploymentPostprocessing = 0;
		};
/* End PBXSourcesBuildPhase section */

/* Begin PBXTargetDependency section */
		5616825F18D2682400120CE4 /* PBXTargetDependency */ = {
			isa = PBXTargetDependency;
			target = 5616824718D2682400120CE4 /* Syndication */;
			targetProxy = 5616825E18D2682400120CE4 /* PBXContainerItemProxy */;
		};
		5616828218D26A0400120CE4 /* PBXTargetDependency */ = {
			isa = PBXTargetDependency;
			target = 5616824718D2682400120CE4 /* Syndication */;
			targetProxy = 5616828118D26A0400120CE4 /* PBXContainerItemProxy */;
		};
		56A95D1E18E5F3500011B636 /* PBXTargetDependency */ = {
			isa = PBXTargetDependency;
			name = RestKit;
			targetProxy = 56A95D1D18E5F3500011B636 /* PBXContainerItemProxy */;
		};
/* End PBXTargetDependency section */

/* Begin PBXVariantGroup section */
		5616826418D2682400120CE4 /* InfoPlist.strings */ = {
			isa = PBXVariantGroup;
			children = (
				5616826518D2682400120CE4 /* en */,
			);
			name = InfoPlist.strings;
			sourceTree = "<group>";
		};
/* End PBXVariantGroup section */

/* Begin XCBuildConfiguration section */
		5616826918D2682400120CE4 /* Debug */ = {
			isa = XCBuildConfiguration;
			buildSettings = {
				ALWAYS_SEARCH_USER_PATHS = NO;
				CLANG_CXX_LANGUAGE_STANDARD = "gnu++0x";
				CLANG_CXX_LIBRARY = "libc++";
				CLANG_ENABLE_MODULES = YES;
				CLANG_ENABLE_OBJC_ARC = YES;
				CLANG_WARN_BOOL_CONVERSION = YES;
				CLANG_WARN_CONSTANT_CONVERSION = YES;
				CLANG_WARN_DIRECT_OBJC_ISA_USAGE = YES_ERROR;
				CLANG_WARN_EMPTY_BODY = YES;
				CLANG_WARN_ENUM_CONVERSION = YES;
				CLANG_WARN_INT_CONVERSION = YES;
				CLANG_WARN_OBJC_ROOT_CLASS = YES_ERROR;
				CLANG_WARN__DUPLICATE_METHOD_MATCH = YES;
				COPY_PHASE_STRIP = NO;
				GCC_C_LANGUAGE_STANDARD = gnu99;
				GCC_DYNAMIC_NO_PIC = NO;
				GCC_OPTIMIZATION_LEVEL = 0;
				GCC_PREPROCESSOR_DEFINITIONS = (
					"DEBUG=1",
					"$(inherited)",
				);
				GCC_SYMBOLS_PRIVATE_EXTERN = NO;
				GCC_WARN_64_TO_32_BIT_CONVERSION = YES;
				GCC_WARN_ABOUT_RETURN_TYPE = YES_ERROR;
				GCC_WARN_UNDECLARED_SELECTOR = YES;
				GCC_WARN_UNINITIALIZED_AUTOS = YES_AGGRESSIVE;
				GCC_WARN_UNUSED_FUNCTION = YES;
				GCC_WARN_UNUSED_VARIABLE = YES;
				HEADER_SEARCH_PATHS = (
					"$(inherited)",
					/Applications/Xcode.app/Contents/Developer/Toolchains/XcodeDefault.xctoolchain/usr/include,
					"vendor/RestKit/**",
				);
				IPHONEOS_DEPLOYMENT_TARGET = 7.1;
				ONLY_ACTIVE_ARCH = YES;
				SDKROOT = iphoneos;
			};
			name = Debug;
		};
		5616826A18D2682400120CE4 /* Release */ = {
			isa = XCBuildConfiguration;
			buildSettings = {
				ALWAYS_SEARCH_USER_PATHS = NO;
				CLANG_CXX_LANGUAGE_STANDARD = "gnu++0x";
				CLANG_CXX_LIBRARY = "libc++";
				CLANG_ENABLE_MODULES = YES;
				CLANG_ENABLE_OBJC_ARC = YES;
				CLANG_WARN_BOOL_CONVERSION = YES;
				CLANG_WARN_CONSTANT_CONVERSION = YES;
				CLANG_WARN_DIRECT_OBJC_ISA_USAGE = YES_ERROR;
				CLANG_WARN_EMPTY_BODY = YES;
				CLANG_WARN_ENUM_CONVERSION = YES;
				CLANG_WARN_INT_CONVERSION = YES;
				CLANG_WARN_OBJC_ROOT_CLASS = YES_ERROR;
				CLANG_WARN__DUPLICATE_METHOD_MATCH = YES;
				COPY_PHASE_STRIP = YES;
				ENABLE_NS_ASSERTIONS = NO;
				GCC_C_LANGUAGE_STANDARD = gnu99;
				GCC_WARN_64_TO_32_BIT_CONVERSION = YES;
				GCC_WARN_ABOUT_RETURN_TYPE = YES_ERROR;
				GCC_WARN_UNDECLARED_SELECTOR = YES;
				GCC_WARN_UNINITIALIZED_AUTOS = YES_AGGRESSIVE;
				GCC_WARN_UNUSED_FUNCTION = YES;
				GCC_WARN_UNUSED_VARIABLE = YES;
				HEADER_SEARCH_PATHS = (
					"$(inherited)",
					/Applications/Xcode.app/Contents/Developer/Toolchains/XcodeDefault.xctoolchain/usr/include,
					"vendor/RestKit/**",
				);
				IPHONEOS_DEPLOYMENT_TARGET = 7.1;
				SDKROOT = iphoneos;
				VALIDATE_PRODUCT = YES;
			};
			name = Release;
		};
		5616826C18D2682400120CE4 /* Debug */ = {
			isa = XCBuildConfiguration;
			buildSettings = {
				COPY_PHASE_STRIP = NO;
				DEAD_CODE_STRIPPING = NO;
				DSTROOT = /tmp/Syndication.dst;
				GCC_PRECOMPILE_PREFIX_HEADER = YES;
				GCC_PREFIX_HEADER = "Syndication/Syndication-Prefix.pch";
				HEADER_SEARCH_PATHS = (
					"$(inherited)",
					/Applications/Xcode.app/Contents/Developer/Toolchains/XcodeDefault.xctoolchain/usr/include,
					"vendor/RestKit/**/**",
				);
				OTHER_LDFLAGS = "-ObjC";
				PRODUCT_NAME = "$(TARGET_NAME)";
				PUBLIC_HEADERS_FOLDER_PATH = "${PROJECT_NAME}Headers";
				SKIP_INSTALL = YES;
				STRIP_STYLE = "non-global";
			};
			name = Debug;
		};
		5616826D18D2682400120CE4 /* Release */ = {
			isa = XCBuildConfiguration;
			buildSettings = {
				COPY_PHASE_STRIP = NO;
				DEAD_CODE_STRIPPING = NO;
				DSTROOT = /tmp/Syndication.dst;
				GCC_PRECOMPILE_PREFIX_HEADER = YES;
				GCC_PREFIX_HEADER = "Syndication/Syndication-Prefix.pch";
				HEADER_SEARCH_PATHS = (
					"$(inherited)",
					/Applications/Xcode.app/Contents/Developer/Toolchains/XcodeDefault.xctoolchain/usr/include,
					"vendor/RestKit/**/**",
				);
				OTHER_LDFLAGS = "-ObjC";
				PRODUCT_NAME = "$(TARGET_NAME)";
				PUBLIC_HEADERS_FOLDER_PATH = "${PROJECT_NAME}Headers";
				SKIP_INSTALL = YES;
				STRIP_STYLE = "non-global";
			};
			name = Release;
		};
		5616826F18D2682400120CE4 /* Debug */ = {
			isa = XCBuildConfiguration;
			buildSettings = {
				FRAMEWORK_SEARCH_PATHS = (
					"$(SDKROOT)/Developer/Library/Frameworks",
					"$(inherited)",
					"$(DEVELOPER_FRAMEWORKS_DIR)",
				);
				GCC_PRECOMPILE_PREFIX_HEADER = YES;
				GCC_PREFIX_HEADER = "Syndication/Syndication-Prefix.pch";
				GCC_PREPROCESSOR_DEFINITIONS = (
					"DEBUG=1",
					"$(inherited)",
				);
				INFOPLIST_FILE = "SyndicationTests/SyndicationTests-Info.plist";
				PRODUCT_NAME = "$(TARGET_NAME)";
				WRAPPER_EXTENSION = xctest;
			};
			name = Debug;
		};
		5616827018D2682400120CE4 /* Release */ = {
			isa = XCBuildConfiguration;
			buildSettings = {
				FRAMEWORK_SEARCH_PATHS = (
					"$(SDKROOT)/Developer/Library/Frameworks",
					"$(inherited)",
					"$(DEVELOPER_FRAMEWORKS_DIR)",
				);
				GCC_PRECOMPILE_PREFIX_HEADER = YES;
				GCC_PREFIX_HEADER = "Syndication/Syndication-Prefix.pch";
				INFOPLIST_FILE = "SyndicationTests/SyndicationTests-Info.plist";
				PRODUCT_NAME = "$(TARGET_NAME)";
				WRAPPER_EXTENSION = xctest;
			};
			name = Release;
		};
		5616827F18D269EE00120CE4 /* Debug */ = {
			isa = XCBuildConfiguration;
			buildSettings = {
				PRODUCT_NAME = "$(TARGET_NAME)";
			};
			name = Debug;
		};
		5616828018D269EE00120CE4 /* Release */ = {
			isa = XCBuildConfiguration;
			buildSettings = {
				PRODUCT_NAME = "$(TARGET_NAME)";
			};
			name = Release;
		};
		5628C56618E49C58007714E7 /* Debug */ = {
			isa = XCBuildConfiguration;
			buildSettings = {
				PRODUCT_NAME = "$(TARGET_NAME)";
			};
			name = Debug;
		};
		5628C56718E49C58007714E7 /* Release */ = {
			isa = XCBuildConfiguration;
			buildSettings = {
				PRODUCT_NAME = "$(TARGET_NAME)";
			};
			name = Release;
		};
/* End XCBuildConfiguration section */

/* Begin XCConfigurationList section */
		5616824318D2682400120CE4 /* Build configuration list for PBXProject "Syndication" */ = {
			isa = XCConfigurationList;
			buildConfigurations = (
				5616826918D2682400120CE4 /* Debug */,
				5616826A18D2682400120CE4 /* Release */,
			);
			defaultConfigurationIsVisible = 0;
			defaultConfigurationName = Release;
		};
		5616826B18D2682400120CE4 /* Build configuration list for PBXNativeTarget "Syndication" */ = {
			isa = XCConfigurationList;
			buildConfigurations = (
				5616826C18D2682400120CE4 /* Debug */,
				5616826D18D2682400120CE4 /* Release */,
			);
			defaultConfigurationIsVisible = 0;
			defaultConfigurationName = Release;
		};
		5616826E18D2682400120CE4 /* Build configuration list for PBXNativeTarget "SyndicationTests" */ = {
			isa = XCConfigurationList;
			buildConfigurations = (
				5616826F18D2682400120CE4 /* Debug */,
				5616827018D2682400120CE4 /* Release */,
			);
			defaultConfigurationIsVisible = 0;
			defaultConfigurationName = Release;
		};
		5616827E18D269EE00120CE4 /* Build configuration list for PBXAggregateTarget "Framework" */ = {
			isa = XCConfigurationList;
			buildConfigurations = (
				5616827F18D269EE00120CE4 /* Debug */,
				5616828018D269EE00120CE4 /* Release */,
			);
			defaultConfigurationIsVisible = 0;
			defaultConfigurationName = Release;
		};
		5628C56B18E49C58007714E7 /* Build configuration list for PBXAggregateTarget "Documentation" */ = {
			isa = XCConfigurationList;
			buildConfigurations = (
				5628C56618E49C58007714E7 /* Debug */,
				5628C56718E49C58007714E7 /* Release */,
			);
			defaultConfigurationIsVisible = 0;
			defaultConfigurationName = Release;
		};
/* End XCConfigurationList section */
	};
	rootObject = 5616824018D2682400120CE4 /* Project object */;
}
